// !$*UTF8*$!
{
	archiveVersion = 1;
	classes = {
	};
	objectVersion = 46;
	objects = {

/* Begin PBXBuildFile section */
		0E59AC60150EBDA4008DB903 /* QuartzCore.framework in Frameworks */ = {isa = PBXBuildFile; fileRef = 0E59AC5F150EBDA4008DB903 /* QuartzCore.framework */; };
		0E59AC62150EBDA4008DB903 /* OpenGLES.framework in Frameworks */ = {isa = PBXBuildFile; fileRef = 0E59AC61150EBDA4008DB903 /* OpenGLES.framework */; };
		0E59AC64150EBDA4008DB903 /* OpenAL.framework in Frameworks */ = {isa = PBXBuildFile; fileRef = 0E59AC63150EBDA4008DB903 /* OpenAL.framework */; };
		0E59AC66150EBDA4008DB903 /* AudioToolbox.framework in Frameworks */ = {isa = PBXBuildFile; fileRef = 0E59AC65150EBDA4008DB903 /* AudioToolbox.framework */; };
		0E59AC68150EBDA4008DB903 /* AVFoundation.framework in Frameworks */ = {isa = PBXBuildFile; fileRef = 0E59AC67150EBDA4008DB903 /* AVFoundation.framework */; };
		0E59AC6A150EBDA4008DB903 /* UIKit.framework in Frameworks */ = {isa = PBXBuildFile; fileRef = 0E59AC69150EBDA4008DB903 /* UIKit.framework */; };
		0E59AC6C150EBDA4008DB903 /* Foundation.framework in Frameworks */ = {isa = PBXBuildFile; fileRef = 0E59AC6B150EBDA4008DB903 /* Foundation.framework */; };
		0E59AC6E150EBDA4008DB903 /* CoreGraphics.framework in Frameworks */ = {isa = PBXBuildFile; fileRef = 0E59AC6D150EBDA4008DB903 /* CoreGraphics.framework */; };
		0E59AC72150EBDA4008DB903 /* Default.png in Resources */ = {isa = PBXBuildFile; fileRef = 0E59AC71150EBDA4008DB903 /* Default.png */; };
		0E59AC74150EBDA4008DB903 /* fps_images.png in Resources */ = {isa = PBXBuildFile; fileRef = 0E59AC73150EBDA4008DB903 /* fps_images.png */; };
		0E59AC76150EBDA4008DB903 /* Icon-72.png in Resources */ = {isa = PBXBuildFile; fileRef = 0E59AC75150EBDA4008DB903 /* Icon-72.png */; };
		0E59AC78150EBDA4008DB903 /* Icon-Small-50.png in Resources */ = {isa = PBXBuildFile; fileRef = 0E59AC77150EBDA4008DB903 /* Icon-Small-50.png */; };
		0E59AC7A150EBDA4008DB903 /* Icon-Small.png in Resources */ = {isa = PBXBuildFile; fileRef = 0E59AC79150EBDA4008DB903 /* Icon-Small.png */; };
		0E59AC7C150EBDA4008DB903 /* Icon-Small@2x.png in Resources */ = {isa = PBXBuildFile; fileRef = 0E59AC7B150EBDA4008DB903 /* Icon-Small@2x.png */; };
		0E59AC7E150EBDA4008DB903 /* Icon.png in Resources */ = {isa = PBXBuildFile; fileRef = 0E59AC7D150EBDA4008DB903 /* Icon.png */; };
		0E59AC80150EBDA4008DB903 /* Icon@2x.png in Resources */ = {isa = PBXBuildFile; fileRef = 0E59AC7F150EBDA4008DB903 /* Icon@2x.png */; };
		0E59AC83150EBDA4008DB903 /* iTunesArtwork in Resources */ = {isa = PBXBuildFile; fileRef = 0E59AC82150EBDA4008DB903 /* iTunesArtwork */; };
		0E59AC88150EBDA4008DB903 /* CCAction.m in Sources */ = {isa = PBXBuildFile; fileRef = 0E59AC87150EBDA4008DB903 /* CCAction.m */; };
		0E59AC8B150EBDA4008DB903 /* CCActionCamera.m in Sources */ = {isa = PBXBuildFile; fileRef = 0E59AC8A150EBDA4008DB903 /* CCActionCamera.m */; };
		0E59AC8E150EBDA4008DB903 /* CCActionEase.m in Sources */ = {isa = PBXBuildFile; fileRef = 0E59AC8D150EBDA4008DB903 /* CCActionEase.m */; };
		0E59AC91150EBDA4008DB903 /* CCActionGrid.m in Sources */ = {isa = PBXBuildFile; fileRef = 0E59AC90150EBDA4008DB903 /* CCActionGrid.m */; };
		0E59AC94150EBDA4008DB903 /* CCActionGrid3D.m in Sources */ = {isa = PBXBuildFile; fileRef = 0E59AC93150EBDA4008DB903 /* CCActionGrid3D.m */; };
		0E59AC97150EBDA4008DB903 /* CCActionInstant.m in Sources */ = {isa = PBXBuildFile; fileRef = 0E59AC96150EBDA4008DB903 /* CCActionInstant.m */; };
		0E59AC9A150EBDA5008DB903 /* CCActionInterval.m in Sources */ = {isa = PBXBuildFile; fileRef = 0E59AC99150EBDA5008DB903 /* CCActionInterval.m */; };
		0E59AC9D150EBDA5008DB903 /* CCActionManager.m in Sources */ = {isa = PBXBuildFile; fileRef = 0E59AC9C150EBDA5008DB903 /* CCActionManager.m */; };
		0E59ACA0150EBDA5008DB903 /* CCActionPageTurn3D.m in Sources */ = {isa = PBXBuildFile; fileRef = 0E59AC9F150EBDA5008DB903 /* CCActionPageTurn3D.m */; };
		0E59ACA3150EBDA5008DB903 /* CCActionProgressTimer.m in Sources */ = {isa = PBXBuildFile; fileRef = 0E59ACA2150EBDA5008DB903 /* CCActionProgressTimer.m */; };
		0E59ACA6150EBDA5008DB903 /* CCActionTiledGrid.m in Sources */ = {isa = PBXBuildFile; fileRef = 0E59ACA5150EBDA5008DB903 /* CCActionTiledGrid.m */; };
		0E59ACA9150EBDA5008DB903 /* CCActionTween.m in Sources */ = {isa = PBXBuildFile; fileRef = 0E59ACA8150EBDA5008DB903 /* CCActionTween.m */; };
		0E59ACAC150EBDA5008DB903 /* CCAnimation.m in Sources */ = {isa = PBXBuildFile; fileRef = 0E59ACAB150EBDA5008DB903 /* CCAnimation.m */; };
		0E59ACAF150EBDA5008DB903 /* CCAnimationCache.m in Sources */ = {isa = PBXBuildFile; fileRef = 0E59ACAE150EBDA5008DB903 /* CCAnimationCache.m */; };
		0E59ACB2150EBDA5008DB903 /* CCAtlasNode.m in Sources */ = {isa = PBXBuildFile; fileRef = 0E59ACB1150EBDA5008DB903 /* CCAtlasNode.m */; };
		0E59ACB5150EBDA5008DB903 /* CCBlockSupport.m in Sources */ = {isa = PBXBuildFile; fileRef = 0E59ACB4150EBDA5008DB903 /* CCBlockSupport.m */; };
		0E59ACB8150EBDA5008DB903 /* CCCamera.m in Sources */ = {isa = PBXBuildFile; fileRef = 0E59ACB7150EBDA5008DB903 /* CCCamera.m */; };
		0E59ACBC150EBDA5008DB903 /* CCConfiguration.m in Sources */ = {isa = PBXBuildFile; fileRef = 0E59ACBB150EBDA5008DB903 /* CCConfiguration.m */; };
		0E59ACBF150EBDA5008DB903 /* CCDirector.m in Sources */ = {isa = PBXBuildFile; fileRef = 0E59ACBE150EBDA5008DB903 /* CCDirector.m */; };
		0E59ACC2150EBDA5008DB903 /* CCDrawingPrimitives.m in Sources */ = {isa = PBXBuildFile; fileRef = 0E59ACC1150EBDA5008DB903 /* CCDrawingPrimitives.m */; };
		0E59ACC5150EBDA5008DB903 /* CCGrabber.m in Sources */ = {isa = PBXBuildFile; fileRef = 0E59ACC4150EBDA5008DB903 /* CCGrabber.m */; };
		0E59ACC8150EBDA5008DB903 /* CCGrid.m in Sources */ = {isa = PBXBuildFile; fileRef = 0E59ACC7150EBDA5008DB903 /* CCGrid.m */; };
		0E59ACCB150EBDA5008DB903 /* CCLabelAtlas.m in Sources */ = {isa = PBXBuildFile; fileRef = 0E59ACCA150EBDA5008DB903 /* CCLabelAtlas.m */; };
		0E59ACCE150EBDA5008DB903 /* CCLabelBMFont.m in Sources */ = {isa = PBXBuildFile; fileRef = 0E59ACCD150EBDA5008DB903 /* CCLabelBMFont.m */; };
		0E59ACD1150EBDA5008DB903 /* CCLabelTTF.m in Sources */ = {isa = PBXBuildFile; fileRef = 0E59ACD0150EBDA5008DB903 /* CCLabelTTF.m */; };
		0E59ACD4150EBDA5008DB903 /* CCLayer.m in Sources */ = {isa = PBXBuildFile; fileRef = 0E59ACD3150EBDA5008DB903 /* CCLayer.m */; };
		0E59ACD8150EBDA5008DB903 /* CCMenu.m in Sources */ = {isa = PBXBuildFile; fileRef = 0E59ACD7150EBDA5008DB903 /* CCMenu.m */; };
		0E59ACDB150EBDA5008DB903 /* CCMenuItem.m in Sources */ = {isa = PBXBuildFile; fileRef = 0E59ACDA150EBDA5008DB903 /* CCMenuItem.m */; };
		0E59ACDE150EBDA5008DB903 /* CCMotionStreak.m in Sources */ = {isa = PBXBuildFile; fileRef = 0E59ACDD150EBDA5008DB903 /* CCMotionStreak.m */; };
		0E59ACE1150EBDA5008DB903 /* CCNode.m in Sources */ = {isa = PBXBuildFile; fileRef = 0E59ACE0150EBDA5008DB903 /* CCNode.m */; };
		0E59ACE4150EBDA5008DB903 /* CCParallaxNode.m in Sources */ = {isa = PBXBuildFile; fileRef = 0E59ACE3150EBDA5008DB903 /* CCParallaxNode.m */; };
		0E59ACE7150EBDA5008DB903 /* CCParticleExamples.m in Sources */ = {isa = PBXBuildFile; fileRef = 0E59ACE6150EBDA5008DB903 /* CCParticleExamples.m */; };
		0E59ACEA150EBDA5008DB903 /* CCParticleSystem.m in Sources */ = {isa = PBXBuildFile; fileRef = 0E59ACE9150EBDA5008DB903 /* CCParticleSystem.m */; };
		0E59ACED150EBDA5008DB903 /* CCParticleSystemPoint.m in Sources */ = {isa = PBXBuildFile; fileRef = 0E59ACEC150EBDA5008DB903 /* CCParticleSystemPoint.m */; };
		0E59ACF0150EBDA5008DB903 /* CCParticleSystemQuad.m in Sources */ = {isa = PBXBuildFile; fileRef = 0E59ACEF150EBDA5008DB903 /* CCParticleSystemQuad.m */; };
		0E59ACF3150EBDA5008DB903 /* CCProgressTimer.m in Sources */ = {isa = PBXBuildFile; fileRef = 0E59ACF2150EBDA5008DB903 /* CCProgressTimer.m */; };
		0E59ACF7150EBDA5008DB903 /* CCRenderTexture.m in Sources */ = {isa = PBXBuildFile; fileRef = 0E59ACF6150EBDA5008DB903 /* CCRenderTexture.m */; };
		0E59ACFA150EBDA5008DB903 /* CCRibbon.m in Sources */ = {isa = PBXBuildFile; fileRef = 0E59ACF9150EBDA5008DB903 /* CCRibbon.m */; };
		0E59ACFD150EBDA5008DB903 /* CCScene.m in Sources */ = {isa = PBXBuildFile; fileRef = 0E59ACFC150EBDA5008DB903 /* CCScene.m */; };
		0E59AD00150EBDA5008DB903 /* CCScheduler.m in Sources */ = {isa = PBXBuildFile; fileRef = 0E59ACFF150EBDA5008DB903 /* CCScheduler.m */; };
		0E59AD03150EBDA5008DB903 /* CCSprite.m in Sources */ = {isa = PBXBuildFile; fileRef = 0E59AD02150EBDA5008DB903 /* CCSprite.m */; };
		0E59AD06150EBDA5008DB903 /* CCSpriteBatchNode.m in Sources */ = {isa = PBXBuildFile; fileRef = 0E59AD05150EBDA5008DB903 /* CCSpriteBatchNode.m */; };
		0E59AD09150EBDA5008DB903 /* CCSpriteFrame.m in Sources */ = {isa = PBXBuildFile; fileRef = 0E59AD08150EBDA5008DB903 /* CCSpriteFrame.m */; };
		0E59AD0C150EBDA5008DB903 /* CCSpriteFrameCache.m in Sources */ = {isa = PBXBuildFile; fileRef = 0E59AD0B150EBDA5008DB903 /* CCSpriteFrameCache.m */; };
		0E59AD0F150EBDA5008DB903 /* CCTexture2D.m in Sources */ = {isa = PBXBuildFile; fileRef = 0E59AD0E150EBDA5008DB903 /* CCTexture2D.m */; };
		0E59AD12150EBDA5008DB903 /* CCTextureAtlas.m in Sources */ = {isa = PBXBuildFile; fileRef = 0E59AD11150EBDA5008DB903 /* CCTextureAtlas.m */; };
		0E59AD15150EBDA5008DB903 /* CCTextureCache.m in Sources */ = {isa = PBXBuildFile; fileRef = 0E59AD14150EBDA5008DB903 /* CCTextureCache.m */; };
		0E59AD18150EBDA5008DB903 /* CCTexturePVR.m in Sources */ = {isa = PBXBuildFile; fileRef = 0E59AD17150EBDA5008DB903 /* CCTexturePVR.m */; };
		0E59AD1B150EBDA5008DB903 /* CCTileMapAtlas.m in Sources */ = {isa = PBXBuildFile; fileRef = 0E59AD1A150EBDA5008DB903 /* CCTileMapAtlas.m */; };
		0E59AD1E150EBDA5008DB903 /* CCTMXLayer.m in Sources */ = {isa = PBXBuildFile; fileRef = 0E59AD1D150EBDA5008DB903 /* CCTMXLayer.m */; };
		0E59AD21150EBDA5008DB903 /* CCTMXObjectGroup.m in Sources */ = {isa = PBXBuildFile; fileRef = 0E59AD20150EBDA5008DB903 /* CCTMXObjectGroup.m */; };
		0E59AD24150EBDA6008DB903 /* CCTMXTiledMap.m in Sources */ = {isa = PBXBuildFile; fileRef = 0E59AD23150EBDA6008DB903 /* CCTMXTiledMap.m */; };
		0E59AD27150EBDA6008DB903 /* CCTMXXMLParser.m in Sources */ = {isa = PBXBuildFile; fileRef = 0E59AD26150EBDA6008DB903 /* CCTMXXMLParser.m */; };
		0E59AD2A150EBDA6008DB903 /* CCTransition.m in Sources */ = {isa = PBXBuildFile; fileRef = 0E59AD29150EBDA6008DB903 /* CCTransition.m */; };
		0E59AD2D150EBDA6008DB903 /* CCTransitionPageTurn.m in Sources */ = {isa = PBXBuildFile; fileRef = 0E59AD2C150EBDA6008DB903 /* CCTransitionPageTurn.m */; };
		0E59AD30150EBDA6008DB903 /* CCTransitionRadial.m in Sources */ = {isa = PBXBuildFile; fileRef = 0E59AD2F150EBDA6008DB903 /* CCTransitionRadial.m */; };
		0E59AD34150EBDA6008DB903 /* cocos2d.m in Sources */ = {isa = PBXBuildFile; fileRef = 0E59AD33150EBDA6008DB903 /* cocos2d.m */; };
		0E59AD3B150EBDA6008DB903 /* CCDirectorIOS.m in Sources */ = {isa = PBXBuildFile; fileRef = 0E59AD3A150EBDA6008DB903 /* CCDirectorIOS.m */; };
		0E59AD3F150EBDA6008DB903 /* CCTouchDispatcher.m in Sources */ = {isa = PBXBuildFile; fileRef = 0E59AD3E150EBDA6008DB903 /* CCTouchDispatcher.m */; };
		0E59AD42150EBDA6008DB903 /* CCTouchHandler.m in Sources */ = {isa = PBXBuildFile; fileRef = 0E59AD41150EBDA6008DB903 /* CCTouchHandler.m */; };
		0E59AD45150EBDA6008DB903 /* EAGLView.m in Sources */ = {isa = PBXBuildFile; fileRef = 0E59AD44150EBDA6008DB903 /* EAGLView.m */; };
		0E59AD48150EBDA6008DB903 /* ES1Renderer.m in Sources */ = {isa = PBXBuildFile; fileRef = 0E59AD47150EBDA6008DB903 /* ES1Renderer.m */; };
		0E59AD4B150EBDA6008DB903 /* glu.c in Sources */ = {isa = PBXBuildFile; fileRef = 0E59AD4A150EBDA6008DB903 /* glu.c */; };
		0E59AD50150EBDA6008DB903 /* CCDirectorMac.m in Sources */ = {isa = PBXBuildFile; fileRef = 0E59AD4F150EBDA6008DB903 /* CCDirectorMac.m */; };
		0E59AD53150EBDA6008DB903 /* CCEventDispatcher.m in Sources */ = {isa = PBXBuildFile; fileRef = 0E59AD52150EBDA6008DB903 /* CCEventDispatcher.m */; };
		0E59AD56150EBDA6008DB903 /* MacGLView.m in Sources */ = {isa = PBXBuildFile; fileRef = 0E59AD55150EBDA6008DB903 /* MacGLView.m */; };
		0E59AD59150EBDA6008DB903 /* MacWindow.m in Sources */ = {isa = PBXBuildFile; fileRef = 0E59AD58150EBDA6008DB903 /* MacWindow.m */; };
		0E59AD5C150EBDA6008DB903 /* base64.c in Sources */ = {isa = PBXBuildFile; fileRef = 0E59AD5B150EBDA6008DB903 /* base64.c */; };
		0E59AD60150EBDA6008DB903 /* CCArray.m in Sources */ = {isa = PBXBuildFile; fileRef = 0E59AD5F150EBDA6008DB903 /* CCArray.m */; };
		0E59AD64150EBDA6008DB903 /* CCFileUtils.m in Sources */ = {isa = PBXBuildFile; fileRef = 0E59AD63150EBDA6008DB903 /* CCFileUtils.m */; };
		0E59AD67150EBDA6008DB903 /* CCProfiling.m in Sources */ = {isa = PBXBuildFile; fileRef = 0E59AD66150EBDA6008DB903 /* CCProfiling.m */; };
		0E59AD69150EBDA6008DB903 /* ccUtils.c in Sources */ = {isa = PBXBuildFile; fileRef = 0E59AD68150EBDA6008DB903 /* ccUtils.c */; };
		0E59AD6D150EBDA6008DB903 /* CGPointExtension.m in Sources */ = {isa = PBXBuildFile; fileRef = 0E59AD6C150EBDA6008DB903 /* CGPointExtension.m */; };
		0E59AD71150EBDA6008DB903 /* TGAlib.m in Sources */ = {isa = PBXBuildFile; fileRef = 0E59AD70150EBDA6008DB903 /* TGAlib.m */; };
		0E59AD74150EBDA6008DB903 /* TransformUtils.m in Sources */ = {isa = PBXBuildFile; fileRef = 0E59AD73150EBDA6008DB903 /* TransformUtils.m */; };
		0E59AD79150EBDA6008DB903 /* ZipUtils.m in Sources */ = {isa = PBXBuildFile; fileRef = 0E59AD78150EBDA6008DB903 /* ZipUtils.m */; };
		0E59AD7E150EBDA6008DB903 /* CDAudioManager.m in Sources */ = {isa = PBXBuildFile; fileRef = 0E59AD7D150EBDA6008DB903 /* CDAudioManager.m */; };
		0E59AD82150EBDA6008DB903 /* CDOpenALSupport.m in Sources */ = {isa = PBXBuildFile; fileRef = 0E59AD81150EBDA6008DB903 /* CDOpenALSupport.m */; };
		0E59AD85150EBDA6008DB903 /* CocosDenshion.m in Sources */ = {isa = PBXBuildFile; fileRef = 0E59AD84150EBDA6008DB903 /* CocosDenshion.m */; };
		0E59AD88150EBDA6008DB903 /* SimpleAudioEngine.m in Sources */ = {isa = PBXBuildFile; fileRef = 0E59AD87150EBDA6008DB903 /* SimpleAudioEngine.m */; };
		0E59AD8D150EBDA6008DB903 /* CLScoreServerPost.m in Sources */ = {isa = PBXBuildFile; fileRef = 0E59AD8C150EBDA6008DB903 /* CLScoreServerPost.m */; };
		0E59AD90150EBDA6008DB903 /* CLScoreServerRequest.m in Sources */ = {isa = PBXBuildFile; fileRef = 0E59AD8F150EBDA6008DB903 /* CLScoreServerRequest.m */; };
		0E59AD93150EBDA6008DB903 /* cocoslive.m in Sources */ = {isa = PBXBuildFile; fileRef = 0E59AD92150EBDA6008DB903 /* cocoslive.m */; };
		0E59AD98150EBDA6008DB903 /* CDataScanner.m in Sources */ = {isa = PBXBuildFile; fileRef = 0E59AD97150EBDA6008DB903 /* CDataScanner.m */; };
		0E59AD9C150EBDA6008DB903 /* CDataScanner_Extensions.m in Sources */ = {isa = PBXBuildFile; fileRef = 0E59AD9B150EBDA6008DB903 /* CDataScanner_Extensions.m */; };
		0E59AD9F150EBDA6008DB903 /* NSDictionary_JSONExtensions.m in Sources */ = {isa = PBXBuildFile; fileRef = 0E59AD9E150EBDA6008DB903 /* NSDictionary_JSONExtensions.m */; };
		0E59ADA3150EBDA6008DB903 /* CJSONDeserializer.m in Sources */ = {isa = PBXBuildFile; fileRef = 0E59ADA2150EBDA6008DB903 /* CJSONDeserializer.m */; };
		0E59ADA6150EBDA6008DB903 /* CJSONScanner.m in Sources */ = {isa = PBXBuildFile; fileRef = 0E59ADA5150EBDA6008DB903 /* CJSONScanner.m */; };
		0E59ADA9150EBDA6008DB903 /* CJSONSerializer.m in Sources */ = {isa = PBXBuildFile; fileRef = 0E59ADA8150EBDA6008DB903 /* CJSONSerializer.m */; };
		0E59ADAE150EBDA6008DB903 /* FontLabel.m in Sources */ = {isa = PBXBuildFile; fileRef = 0E59ADAD150EBDA6008DB903 /* FontLabel.m */; };
		0E59ADB1150EBDA6008DB903 /* FontLabelStringDrawing.m in Sources */ = {isa = PBXBuildFile; fileRef = 0E59ADB0150EBDA6008DB903 /* FontLabelStringDrawing.m */; };
		0E59ADB4150EBDA6008DB903 /* FontManager.m in Sources */ = {isa = PBXBuildFile; fileRef = 0E59ADB3150EBDA6008DB903 /* FontManager.m */; };
		0E59ADB7150EBDA6008DB903 /* ZAttributedString.m in Sources */ = {isa = PBXBuildFile; fileRef = 0E59ADB6150EBDA6008DB903 /* ZAttributedString.m */; };
		0E59ADBB150EBDA6008DB903 /* ZFont.m in Sources */ = {isa = PBXBuildFile; fileRef = 0E59ADBA150EBDA6008DB903 /* ZFont.m */; };
		0E59ADC0150EBDA6008DB903 /* main.m in Sources */ = {isa = PBXBuildFile; fileRef = 0E59ADBF150EBDA6008DB903 /* main.m */; };
		0E59ADC3150EBDA6008DB903 /* AppDelegate.m in Sources */ = {isa = PBXBuildFile; fileRef = 0E59ADC2150EBDA6008DB903 /* AppDelegate.m */; };
		0E59ADC6150EBDA7008DB903 /* RootViewController.m in Sources */ = {isa = PBXBuildFile; fileRef = 0E59ADC5150EBDA7008DB903 /* RootViewController.m */; };
		0E59ADD61518A9C7008DB903 /* pc01_00-hd.png in Resources */ = {isa = PBXBuildFile; fileRef = 0E59ADD41518A9C7008DB903 /* pc01_00-hd.png */; };
		0E59ADD71518A9C7008DB903 /* pc01_00.png in Resources */ = {isa = PBXBuildFile; fileRef = 0E59ADD51518A9C7008DB903 /* pc01_00.png */; };
		0E7801501544235700634322 /* areachip-hd.png in Resources */ = {isa = PBXBuildFile; fileRef = 0E78014E1544235700634322 /* areachip-hd.png */; };
		0E7801511544235700634322 /* areachip.png in Resources */ = {isa = PBXBuildFile; fileRef = 0E78014F1544235700634322 /* areachip.png */; };
		0E88273D164652C000D2F5BD /* SRMapChip.m in Sources */ = {isa = PBXBuildFile; fileRef = 0E88273C164652C000D2F5BD /* SRMapChip.m */; };
		0E882745164658AC00D2F5BD /* SRArea.m in Sources */ = {isa = PBXBuildFile; fileRef = 0E882740164658AB00D2F5BD /* SRArea.m */; };
		0E882746164658AC00D2F5BD /* SRRoute.m in Sources */ = {isa = PBXBuildFile; fileRef = 0E882742164658AB00D2F5BD /* SRRoute.m */; };
		0E882747164658AC00D2F5BD /* SRUnit.m in Sources */ = {isa = PBXBuildFile; fileRef = 0E882744164658AC00D2F5BD /* SRUnit.m */; };
		0E882750164658C000D2F5BD /* SRAreaLayer.m in Sources */ = {isa = PBXBuildFile; fileRef = 0E882749164658BA00D2F5BD /* SRAreaLayer.m */; };
		0E882751164658C000D2F5BD /* SRFieldScene.m in Sources */ = {isa = PBXBuildFile; fileRef = 0E88274B164658BB00D2F5BD /* SRFieldScene.m */; };
		0E882752164658C000D2F5BD /* SRMapLayer.m in Sources */ = {isa = PBXBuildFile; fileRef = 0E88274D164658BD00D2F5BD /* SRMapLayer.m */; };
		0E882753164658C000D2F5BD /* SRUnitLayer.m in Sources */ = {isa = PBXBuildFile; fileRef = 0E88274F164658BF00D2F5BD /* SRUnitLayer.m */; };
/* End PBXBuildFile section */

/* Begin PBXFileReference section */
		0E59AC5B150EBDA4008DB903 /* SRPG.app */ = {isa = PBXFileReference; explicitFileType = wrapper.application; includeInIndex = 0; path = SRPG.app; sourceTree = BUILT_PRODUCTS_DIR; };
		0E59AC5F150EBDA4008DB903 /* QuartzCore.framework */ = {isa = PBXFileReference; lastKnownFileType = wrapper.framework; name = QuartzCore.framework; path = System/Library/Frameworks/QuartzCore.framework; sourceTree = SDKROOT; };
		0E59AC61150EBDA4008DB903 /* OpenGLES.framework */ = {isa = PBXFileReference; lastKnownFileType = wrapper.framework; name = OpenGLES.framework; path = System/Library/Frameworks/OpenGLES.framework; sourceTree = SDKROOT; };
		0E59AC63150EBDA4008DB903 /* OpenAL.framework */ = {isa = PBXFileReference; lastKnownFileType = wrapper.framework; name = OpenAL.framework; path = System/Library/Frameworks/OpenAL.framework; sourceTree = SDKROOT; };
		0E59AC65150EBDA4008DB903 /* AudioToolbox.framework */ = {isa = PBXFileReference; lastKnownFileType = wrapper.framework; name = AudioToolbox.framework; path = System/Library/Frameworks/AudioToolbox.framework; sourceTree = SDKROOT; };
		0E59AC67150EBDA4008DB903 /* AVFoundation.framework */ = {isa = PBXFileReference; lastKnownFileType = wrapper.framework; name = AVFoundation.framework; path = System/Library/Frameworks/AVFoundation.framework; sourceTree = SDKROOT; };
		0E59AC69150EBDA4008DB903 /* UIKit.framework */ = {isa = PBXFileReference; lastKnownFileType = wrapper.framework; name = UIKit.framework; path = System/Library/Frameworks/UIKit.framework; sourceTree = SDKROOT; };
		0E59AC6B150EBDA4008DB903 /* Foundation.framework */ = {isa = PBXFileReference; lastKnownFileType = wrapper.framework; name = Foundation.framework; path = System/Library/Frameworks/Foundation.framework; sourceTree = SDKROOT; };
		0E59AC6D150EBDA4008DB903 /* CoreGraphics.framework */ = {isa = PBXFileReference; lastKnownFileType = wrapper.framework; name = CoreGraphics.framework; path = System/Library/Frameworks/CoreGraphics.framework; sourceTree = SDKROOT; };
		0E59AC71150EBDA4008DB903 /* Default.png */ = {isa = PBXFileReference; lastKnownFileType = image.png; name = Default.png; path = Resources/Default.png; sourceTree = "<group>"; };
		0E59AC73150EBDA4008DB903 /* fps_images.png */ = {isa = PBXFileReference; lastKnownFileType = image.png; name = fps_images.png; path = Resources/fps_images.png; sourceTree = "<group>"; };
		0E59AC75150EBDA4008DB903 /* Icon-72.png */ = {isa = PBXFileReference; lastKnownFileType = image.png; name = "Icon-72.png"; path = "Resources/Icon-72.png"; sourceTree = "<group>"; };
		0E59AC77150EBDA4008DB903 /* Icon-Small-50.png */ = {isa = PBXFileReference; lastKnownFileType = image.png; name = "Icon-Small-50.png"; path = "Resources/Icon-Small-50.png"; sourceTree = "<group>"; };
		0E59AC79150EBDA4008DB903 /* Icon-Small.png */ = {isa = PBXFileReference; lastKnownFileType = image.png; name = "Icon-Small.png"; path = "Resources/Icon-Small.png"; sourceTree = "<group>"; };
		0E59AC7B150EBDA4008DB903 /* Icon-Small@2x.png */ = {isa = PBXFileReference; lastKnownFileType = image.png; name = "Icon-Small@2x.png"; path = "Resources/Icon-Small@2x.png"; sourceTree = "<group>"; };
		0E59AC7D150EBDA4008DB903 /* Icon.png */ = {isa = PBXFileReference; lastKnownFileType = image.png; name = Icon.png; path = Resources/Icon.png; sourceTree = "<group>"; };
		0E59AC7F150EBDA4008DB903 /* Icon@2x.png */ = {isa = PBXFileReference; lastKnownFileType = image.png; name = "Icon@2x.png"; path = "Resources/Icon@2x.png"; sourceTree = "<group>"; };
		0E59AC81150EBDA4008DB903 /* Info.plist */ = {isa = PBXFileReference; lastKnownFileType = text.plist.xml; name = Info.plist; path = Resources/Info.plist; sourceTree = "<group>"; };
		0E59AC82150EBDA4008DB903 /* iTunesArtwork */ = {isa = PBXFileReference; lastKnownFileType = file; name = iTunesArtwork; path = Resources/iTunesArtwork; sourceTree = "<group>"; };
		0E59AC86150EBDA4008DB903 /* CCAction.h */ = {isa = PBXFileReference; lastKnownFileType = sourcecode.c.h; name = CCAction.h; path = libs/cocos2d/CCAction.h; sourceTree = "<group>"; };
		0E59AC87150EBDA4008DB903 /* CCAction.m */ = {isa = PBXFileReference; lastKnownFileType = sourcecode.c.objc; name = CCAction.m; path = libs/cocos2d/CCAction.m; sourceTree = "<group>"; };
		0E59AC89150EBDA4008DB903 /* CCActionCamera.h */ = {isa = PBXFileReference; lastKnownFileType = sourcecode.c.h; name = CCActionCamera.h; path = libs/cocos2d/CCActionCamera.h; sourceTree = "<group>"; };
		0E59AC8A150EBDA4008DB903 /* CCActionCamera.m */ = {isa = PBXFileReference; lastKnownFileType = sourcecode.c.objc; name = CCActionCamera.m; path = libs/cocos2d/CCActionCamera.m; sourceTree = "<group>"; };
		0E59AC8C150EBDA4008DB903 /* CCActionEase.h */ = {isa = PBXFileReference; lastKnownFileType = sourcecode.c.h; name = CCActionEase.h; path = libs/cocos2d/CCActionEase.h; sourceTree = "<group>"; };
		0E59AC8D150EBDA4008DB903 /* CCActionEase.m */ = {isa = PBXFileReference; lastKnownFileType = sourcecode.c.objc; name = CCActionEase.m; path = libs/cocos2d/CCActionEase.m; sourceTree = "<group>"; };
		0E59AC8F150EBDA4008DB903 /* CCActionGrid.h */ = {isa = PBXFileReference; lastKnownFileType = sourcecode.c.h; name = CCActionGrid.h; path = libs/cocos2d/CCActionGrid.h; sourceTree = "<group>"; };
		0E59AC90150EBDA4008DB903 /* CCActionGrid.m */ = {isa = PBXFileReference; lastKnownFileType = sourcecode.c.objc; name = CCActionGrid.m; path = libs/cocos2d/CCActionGrid.m; sourceTree = "<group>"; };
		0E59AC92150EBDA4008DB903 /* CCActionGrid3D.h */ = {isa = PBXFileReference; lastKnownFileType = sourcecode.c.h; name = CCActionGrid3D.h; path = libs/cocos2d/CCActionGrid3D.h; sourceTree = "<group>"; };
		0E59AC93150EBDA4008DB903 /* CCActionGrid3D.m */ = {isa = PBXFileReference; lastKnownFileType = sourcecode.c.objc; name = CCActionGrid3D.m; path = libs/cocos2d/CCActionGrid3D.m; sourceTree = "<group>"; };
		0E59AC95150EBDA4008DB903 /* CCActionInstant.h */ = {isa = PBXFileReference; lastKnownFileType = sourcecode.c.h; name = CCActionInstant.h; path = libs/cocos2d/CCActionInstant.h; sourceTree = "<group>"; };
		0E59AC96150EBDA4008DB903 /* CCActionInstant.m */ = {isa = PBXFileReference; lastKnownFileType = sourcecode.c.objc; name = CCActionInstant.m; path = libs/cocos2d/CCActionInstant.m; sourceTree = "<group>"; };
		0E59AC98150EBDA5008DB903 /* CCActionInterval.h */ = {isa = PBXFileReference; lastKnownFileType = sourcecode.c.h; name = CCActionInterval.h; path = libs/cocos2d/CCActionInterval.h; sourceTree = "<group>"; };
		0E59AC99150EBDA5008DB903 /* CCActionInterval.m */ = {isa = PBXFileReference; lastKnownFileType = sourcecode.c.objc; name = CCActionInterval.m; path = libs/cocos2d/CCActionInterval.m; sourceTree = "<group>"; };
		0E59AC9B150EBDA5008DB903 /* CCActionManager.h */ = {isa = PBXFileReference; lastKnownFileType = sourcecode.c.h; name = CCActionManager.h; path = libs/cocos2d/CCActionManager.h; sourceTree = "<group>"; };
		0E59AC9C150EBDA5008DB903 /* CCActionManager.m */ = {isa = PBXFileReference; lastKnownFileType = sourcecode.c.objc; name = CCActionManager.m; path = libs/cocos2d/CCActionManager.m; sourceTree = "<group>"; };
		0E59AC9E150EBDA5008DB903 /* CCActionPageTurn3D.h */ = {isa = PBXFileReference; lastKnownFileType = sourcecode.c.h; name = CCActionPageTurn3D.h; path = libs/cocos2d/CCActionPageTurn3D.h; sourceTree = "<group>"; };
		0E59AC9F150EBDA5008DB903 /* CCActionPageTurn3D.m */ = {isa = PBXFileReference; lastKnownFileType = sourcecode.c.objc; name = CCActionPageTurn3D.m; path = libs/cocos2d/CCActionPageTurn3D.m; sourceTree = "<group>"; };
		0E59ACA1150EBDA5008DB903 /* CCActionProgressTimer.h */ = {isa = PBXFileReference; lastKnownFileType = sourcecode.c.h; name = CCActionProgressTimer.h; path = libs/cocos2d/CCActionProgressTimer.h; sourceTree = "<group>"; };
		0E59ACA2150EBDA5008DB903 /* CCActionProgressTimer.m */ = {isa = PBXFileReference; lastKnownFileType = sourcecode.c.objc; name = CCActionProgressTimer.m; path = libs/cocos2d/CCActionProgressTimer.m; sourceTree = "<group>"; };
		0E59ACA4150EBDA5008DB903 /* CCActionTiledGrid.h */ = {isa = PBXFileReference; lastKnownFileType = sourcecode.c.h; name = CCActionTiledGrid.h; path = libs/cocos2d/CCActionTiledGrid.h; sourceTree = "<group>"; };
		0E59ACA5150EBDA5008DB903 /* CCActionTiledGrid.m */ = {isa = PBXFileReference; lastKnownFileType = sourcecode.c.objc; name = CCActionTiledGrid.m; path = libs/cocos2d/CCActionTiledGrid.m; sourceTree = "<group>"; };
		0E59ACA7150EBDA5008DB903 /* CCActionTween.h */ = {isa = PBXFileReference; lastKnownFileType = sourcecode.c.h; name = CCActionTween.h; path = libs/cocos2d/CCActionTween.h; sourceTree = "<group>"; };
		0E59ACA8150EBDA5008DB903 /* CCActionTween.m */ = {isa = PBXFileReference; lastKnownFileType = sourcecode.c.objc; name = CCActionTween.m; path = libs/cocos2d/CCActionTween.m; sourceTree = "<group>"; };
		0E59ACAA150EBDA5008DB903 /* CCAnimation.h */ = {isa = PBXFileReference; lastKnownFileType = sourcecode.c.h; name = CCAnimation.h; path = libs/cocos2d/CCAnimation.h; sourceTree = "<group>"; };
		0E59ACAB150EBDA5008DB903 /* CCAnimation.m */ = {isa = PBXFileReference; lastKnownFileType = sourcecode.c.objc; name = CCAnimation.m; path = libs/cocos2d/CCAnimation.m; sourceTree = "<group>"; };
		0E59ACAD150EBDA5008DB903 /* CCAnimationCache.h */ = {isa = PBXFileReference; lastKnownFileType = sourcecode.c.h; name = CCAnimationCache.h; path = libs/cocos2d/CCAnimationCache.h; sourceTree = "<group>"; };
		0E59ACAE150EBDA5008DB903 /* CCAnimationCache.m */ = {isa = PBXFileReference; lastKnownFileType = sourcecode.c.objc; name = CCAnimationCache.m; path = libs/cocos2d/CCAnimationCache.m; sourceTree = "<group>"; };
		0E59ACB0150EBDA5008DB903 /* CCAtlasNode.h */ = {isa = PBXFileReference; lastKnownFileType = sourcecode.c.h; name = CCAtlasNode.h; path = libs/cocos2d/CCAtlasNode.h; sourceTree = "<group>"; };
		0E59ACB1150EBDA5008DB903 /* CCAtlasNode.m */ = {isa = PBXFileReference; lastKnownFileType = sourcecode.c.objc; name = CCAtlasNode.m; path = libs/cocos2d/CCAtlasNode.m; sourceTree = "<group>"; };
		0E59ACB3150EBDA5008DB903 /* CCBlockSupport.h */ = {isa = PBXFileReference; lastKnownFileType = sourcecode.c.h; name = CCBlockSupport.h; path = libs/cocos2d/CCBlockSupport.h; sourceTree = "<group>"; };
		0E59ACB4150EBDA5008DB903 /* CCBlockSupport.m */ = {isa = PBXFileReference; lastKnownFileType = sourcecode.c.objc; name = CCBlockSupport.m; path = libs/cocos2d/CCBlockSupport.m; sourceTree = "<group>"; };
		0E59ACB6150EBDA5008DB903 /* CCCamera.h */ = {isa = PBXFileReference; lastKnownFileType = sourcecode.c.h; name = CCCamera.h; path = libs/cocos2d/CCCamera.h; sourceTree = "<group>"; };
		0E59ACB7150EBDA5008DB903 /* CCCamera.m */ = {isa = PBXFileReference; lastKnownFileType = sourcecode.c.objc; name = CCCamera.m; path = libs/cocos2d/CCCamera.m; sourceTree = "<group>"; };
		0E59ACB9150EBDA5008DB903 /* ccConfig.h */ = {isa = PBXFileReference; lastKnownFileType = sourcecode.c.h; name = ccConfig.h; path = libs/cocos2d/ccConfig.h; sourceTree = "<group>"; };
		0E59ACBA150EBDA5008DB903 /* CCConfiguration.h */ = {isa = PBXFileReference; lastKnownFileType = sourcecode.c.h; name = CCConfiguration.h; path = libs/cocos2d/CCConfiguration.h; sourceTree = "<group>"; };
		0E59ACBB150EBDA5008DB903 /* CCConfiguration.m */ = {isa = PBXFileReference; lastKnownFileType = sourcecode.c.objc; name = CCConfiguration.m; path = libs/cocos2d/CCConfiguration.m; sourceTree = "<group>"; };
		0E59ACBD150EBDA5008DB903 /* CCDirector.h */ = {isa = PBXFileReference; lastKnownFileType = sourcecode.c.h; name = CCDirector.h; path = libs/cocos2d/CCDirector.h; sourceTree = "<group>"; };
		0E59ACBE150EBDA5008DB903 /* CCDirector.m */ = {isa = PBXFileReference; lastKnownFileType = sourcecode.c.objc; name = CCDirector.m; path = libs/cocos2d/CCDirector.m; sourceTree = "<group>"; };
		0E59ACC0150EBDA5008DB903 /* CCDrawingPrimitives.h */ = {isa = PBXFileReference; lastKnownFileType = sourcecode.c.h; name = CCDrawingPrimitives.h; path = libs/cocos2d/CCDrawingPrimitives.h; sourceTree = "<group>"; };
		0E59ACC1150EBDA5008DB903 /* CCDrawingPrimitives.m */ = {isa = PBXFileReference; lastKnownFileType = sourcecode.c.objc; name = CCDrawingPrimitives.m; path = libs/cocos2d/CCDrawingPrimitives.m; sourceTree = "<group>"; };
		0E59ACC3150EBDA5008DB903 /* CCGrabber.h */ = {isa = PBXFileReference; lastKnownFileType = sourcecode.c.h; name = CCGrabber.h; path = libs/cocos2d/CCGrabber.h; sourceTree = "<group>"; };
		0E59ACC4150EBDA5008DB903 /* CCGrabber.m */ = {isa = PBXFileReference; lastKnownFileType = sourcecode.c.objc; name = CCGrabber.m; path = libs/cocos2d/CCGrabber.m; sourceTree = "<group>"; };
		0E59ACC6150EBDA5008DB903 /* CCGrid.h */ = {isa = PBXFileReference; lastKnownFileType = sourcecode.c.h; name = CCGrid.h; path = libs/cocos2d/CCGrid.h; sourceTree = "<group>"; };
		0E59ACC7150EBDA5008DB903 /* CCGrid.m */ = {isa = PBXFileReference; lastKnownFileType = sourcecode.c.objc; name = CCGrid.m; path = libs/cocos2d/CCGrid.m; sourceTree = "<group>"; };
		0E59ACC9150EBDA5008DB903 /* CCLabelAtlas.h */ = {isa = PBXFileReference; lastKnownFileType = sourcecode.c.h; name = CCLabelAtlas.h; path = libs/cocos2d/CCLabelAtlas.h; sourceTree = "<group>"; };
		0E59ACCA150EBDA5008DB903 /* CCLabelAtlas.m */ = {isa = PBXFileReference; lastKnownFileType = sourcecode.c.objc; name = CCLabelAtlas.m; path = libs/cocos2d/CCLabelAtlas.m; sourceTree = "<group>"; };
		0E59ACCC150EBDA5008DB903 /* CCLabelBMFont.h */ = {isa = PBXFileReference; lastKnownFileType = sourcecode.c.h; name = CCLabelBMFont.h; path = libs/cocos2d/CCLabelBMFont.h; sourceTree = "<group>"; };
		0E59ACCD150EBDA5008DB903 /* CCLabelBMFont.m */ = {isa = PBXFileReference; lastKnownFileType = sourcecode.c.objc; name = CCLabelBMFont.m; path = libs/cocos2d/CCLabelBMFont.m; sourceTree = "<group>"; };
		0E59ACCF150EBDA5008DB903 /* CCLabelTTF.h */ = {isa = PBXFileReference; lastKnownFileType = sourcecode.c.h; name = CCLabelTTF.h; path = libs/cocos2d/CCLabelTTF.h; sourceTree = "<group>"; };
		0E59ACD0150EBDA5008DB903 /* CCLabelTTF.m */ = {isa = PBXFileReference; lastKnownFileType = sourcecode.c.objc; name = CCLabelTTF.m; path = libs/cocos2d/CCLabelTTF.m; sourceTree = "<group>"; };
		0E59ACD2150EBDA5008DB903 /* CCLayer.h */ = {isa = PBXFileReference; lastKnownFileType = sourcecode.c.h; name = CCLayer.h; path = libs/cocos2d/CCLayer.h; sourceTree = "<group>"; };
		0E59ACD3150EBDA5008DB903 /* CCLayer.m */ = {isa = PBXFileReference; lastKnownFileType = sourcecode.c.objc; name = CCLayer.m; path = libs/cocos2d/CCLayer.m; sourceTree = "<group>"; };
		0E59ACD5150EBDA5008DB903 /* ccMacros.h */ = {isa = PBXFileReference; lastKnownFileType = sourcecode.c.h; name = ccMacros.h; path = libs/cocos2d/ccMacros.h; sourceTree = "<group>"; };
		0E59ACD6150EBDA5008DB903 /* CCMenu.h */ = {isa = PBXFileReference; lastKnownFileType = sourcecode.c.h; name = CCMenu.h; path = libs/cocos2d/CCMenu.h; sourceTree = "<group>"; };
		0E59ACD7150EBDA5008DB903 /* CCMenu.m */ = {isa = PBXFileReference; lastKnownFileType = sourcecode.c.objc; name = CCMenu.m; path = libs/cocos2d/CCMenu.m; sourceTree = "<group>"; };
		0E59ACD9150EBDA5008DB903 /* CCMenuItem.h */ = {isa = PBXFileReference; lastKnownFileType = sourcecode.c.h; name = CCMenuItem.h; path = libs/cocos2d/CCMenuItem.h; sourceTree = "<group>"; };
		0E59ACDA150EBDA5008DB903 /* CCMenuItem.m */ = {isa = PBXFileReference; lastKnownFileType = sourcecode.c.objc; name = CCMenuItem.m; path = libs/cocos2d/CCMenuItem.m; sourceTree = "<group>"; };
		0E59ACDC150EBDA5008DB903 /* CCMotionStreak.h */ = {isa = PBXFileReference; lastKnownFileType = sourcecode.c.h; name = CCMotionStreak.h; path = libs/cocos2d/CCMotionStreak.h; sourceTree = "<group>"; };
		0E59ACDD150EBDA5008DB903 /* CCMotionStreak.m */ = {isa = PBXFileReference; lastKnownFileType = sourcecode.c.objc; name = CCMotionStreak.m; path = libs/cocos2d/CCMotionStreak.m; sourceTree = "<group>"; };
		0E59ACDF150EBDA5008DB903 /* CCNode.h */ = {isa = PBXFileReference; lastKnownFileType = sourcecode.c.h; name = CCNode.h; path = libs/cocos2d/CCNode.h; sourceTree = "<group>"; };
		0E59ACE0150EBDA5008DB903 /* CCNode.m */ = {isa = PBXFileReference; lastKnownFileType = sourcecode.c.objc; name = CCNode.m; path = libs/cocos2d/CCNode.m; sourceTree = "<group>"; };
		0E59ACE2150EBDA5008DB903 /* CCParallaxNode.h */ = {isa = PBXFileReference; lastKnownFileType = sourcecode.c.h; name = CCParallaxNode.h; path = libs/cocos2d/CCParallaxNode.h; sourceTree = "<group>"; };
		0E59ACE3150EBDA5008DB903 /* CCParallaxNode.m */ = {isa = PBXFileReference; lastKnownFileType = sourcecode.c.objc; name = CCParallaxNode.m; path = libs/cocos2d/CCParallaxNode.m; sourceTree = "<group>"; };
		0E59ACE5150EBDA5008DB903 /* CCParticleExamples.h */ = {isa = PBXFileReference; lastKnownFileType = sourcecode.c.h; name = CCParticleExamples.h; path = libs/cocos2d/CCParticleExamples.h; sourceTree = "<group>"; };
		0E59ACE6150EBDA5008DB903 /* CCParticleExamples.m */ = {isa = PBXFileReference; lastKnownFileType = sourcecode.c.objc; name = CCParticleExamples.m; path = libs/cocos2d/CCParticleExamples.m; sourceTree = "<group>"; };
		0E59ACE8150EBDA5008DB903 /* CCParticleSystem.h */ = {isa = PBXFileReference; lastKnownFileType = sourcecode.c.h; name = CCParticleSystem.h; path = libs/cocos2d/CCParticleSystem.h; sourceTree = "<group>"; };
		0E59ACE9150EBDA5008DB903 /* CCParticleSystem.m */ = {isa = PBXFileReference; lastKnownFileType = sourcecode.c.objc; name = CCParticleSystem.m; path = libs/cocos2d/CCParticleSystem.m; sourceTree = "<group>"; };
		0E59ACEB150EBDA5008DB903 /* CCParticleSystemPoint.h */ = {isa = PBXFileReference; lastKnownFileType = sourcecode.c.h; name = CCParticleSystemPoint.h; path = libs/cocos2d/CCParticleSystemPoint.h; sourceTree = "<group>"; };
		0E59ACEC150EBDA5008DB903 /* CCParticleSystemPoint.m */ = {isa = PBXFileReference; lastKnownFileType = sourcecode.c.objc; name = CCParticleSystemPoint.m; path = libs/cocos2d/CCParticleSystemPoint.m; sourceTree = "<group>"; };
		0E59ACEE150EBDA5008DB903 /* CCParticleSystemQuad.h */ = {isa = PBXFileReference; lastKnownFileType = sourcecode.c.h; name = CCParticleSystemQuad.h; path = libs/cocos2d/CCParticleSystemQuad.h; sourceTree = "<group>"; };
		0E59ACEF150EBDA5008DB903 /* CCParticleSystemQuad.m */ = {isa = PBXFileReference; lastKnownFileType = sourcecode.c.objc; name = CCParticleSystemQuad.m; path = libs/cocos2d/CCParticleSystemQuad.m; sourceTree = "<group>"; };
		0E59ACF1150EBDA5008DB903 /* CCProgressTimer.h */ = {isa = PBXFileReference; lastKnownFileType = sourcecode.c.h; name = CCProgressTimer.h; path = libs/cocos2d/CCProgressTimer.h; sourceTree = "<group>"; };
		0E59ACF2150EBDA5008DB903 /* CCProgressTimer.m */ = {isa = PBXFileReference; lastKnownFileType = sourcecode.c.objc; name = CCProgressTimer.m; path = libs/cocos2d/CCProgressTimer.m; sourceTree = "<group>"; };
		0E59ACF4150EBDA5008DB903 /* CCProtocols.h */ = {isa = PBXFileReference; lastKnownFileType = sourcecode.c.h; name = CCProtocols.h; path = libs/cocos2d/CCProtocols.h; sourceTree = "<group>"; };
		0E59ACF5150EBDA5008DB903 /* CCRenderTexture.h */ = {isa = PBXFileReference; lastKnownFileType = sourcecode.c.h; name = CCRenderTexture.h; path = libs/cocos2d/CCRenderTexture.h; sourceTree = "<group>"; };
		0E59ACF6150EBDA5008DB903 /* CCRenderTexture.m */ = {isa = PBXFileReference; lastKnownFileType = sourcecode.c.objc; name = CCRenderTexture.m; path = libs/cocos2d/CCRenderTexture.m; sourceTree = "<group>"; };
		0E59ACF8150EBDA5008DB903 /* CCRibbon.h */ = {isa = PBXFileReference; lastKnownFileType = sourcecode.c.h; name = CCRibbon.h; path = libs/cocos2d/CCRibbon.h; sourceTree = "<group>"; };
		0E59ACF9150EBDA5008DB903 /* CCRibbon.m */ = {isa = PBXFileReference; lastKnownFileType = sourcecode.c.objc; name = CCRibbon.m; path = libs/cocos2d/CCRibbon.m; sourceTree = "<group>"; };
		0E59ACFB150EBDA5008DB903 /* CCScene.h */ = {isa = PBXFileReference; lastKnownFileType = sourcecode.c.h; name = CCScene.h; path = libs/cocos2d/CCScene.h; sourceTree = "<group>"; };
		0E59ACFC150EBDA5008DB903 /* CCScene.m */ = {isa = PBXFileReference; lastKnownFileType = sourcecode.c.objc; name = CCScene.m; path = libs/cocos2d/CCScene.m; sourceTree = "<group>"; };
		0E59ACFE150EBDA5008DB903 /* CCScheduler.h */ = {isa = PBXFileReference; lastKnownFileType = sourcecode.c.h; name = CCScheduler.h; path = libs/cocos2d/CCScheduler.h; sourceTree = "<group>"; };
		0E59ACFF150EBDA5008DB903 /* CCScheduler.m */ = {isa = PBXFileReference; lastKnownFileType = sourcecode.c.objc; name = CCScheduler.m; path = libs/cocos2d/CCScheduler.m; sourceTree = "<group>"; };
		0E59AD01150EBDA5008DB903 /* CCSprite.h */ = {isa = PBXFileReference; lastKnownFileType = sourcecode.c.h; name = CCSprite.h; path = libs/cocos2d/CCSprite.h; sourceTree = "<group>"; };
		0E59AD02150EBDA5008DB903 /* CCSprite.m */ = {isa = PBXFileReference; lastKnownFileType = sourcecode.c.objc; name = CCSprite.m; path = libs/cocos2d/CCSprite.m; sourceTree = "<group>"; };
		0E59AD04150EBDA5008DB903 /* CCSpriteBatchNode.h */ = {isa = PBXFileReference; lastKnownFileType = sourcecode.c.h; name = CCSpriteBatchNode.h; path = libs/cocos2d/CCSpriteBatchNode.h; sourceTree = "<group>"; };
		0E59AD05150EBDA5008DB903 /* CCSpriteBatchNode.m */ = {isa = PBXFileReference; lastKnownFileType = sourcecode.c.objc; name = CCSpriteBatchNode.m; path = libs/cocos2d/CCSpriteBatchNode.m; sourceTree = "<group>"; };
		0E59AD07150EBDA5008DB903 /* CCSpriteFrame.h */ = {isa = PBXFileReference; lastKnownFileType = sourcecode.c.h; name = CCSpriteFrame.h; path = libs/cocos2d/CCSpriteFrame.h; sourceTree = "<group>"; };
		0E59AD08150EBDA5008DB903 /* CCSpriteFrame.m */ = {isa = PBXFileReference; lastKnownFileType = sourcecode.c.objc; name = CCSpriteFrame.m; path = libs/cocos2d/CCSpriteFrame.m; sourceTree = "<group>"; };
		0E59AD0A150EBDA5008DB903 /* CCSpriteFrameCache.h */ = {isa = PBXFileReference; lastKnownFileType = sourcecode.c.h; name = CCSpriteFrameCache.h; path = libs/cocos2d/CCSpriteFrameCache.h; sourceTree = "<group>"; };
		0E59AD0B150EBDA5008DB903 /* CCSpriteFrameCache.m */ = {isa = PBXFileReference; lastKnownFileType = sourcecode.c.objc; name = CCSpriteFrameCache.m; path = libs/cocos2d/CCSpriteFrameCache.m; sourceTree = "<group>"; };
		0E59AD0D150EBDA5008DB903 /* CCTexture2D.h */ = {isa = PBXFileReference; lastKnownFileType = sourcecode.c.h; name = CCTexture2D.h; path = libs/cocos2d/CCTexture2D.h; sourceTree = "<group>"; };
		0E59AD0E150EBDA5008DB903 /* CCTexture2D.m */ = {isa = PBXFileReference; lastKnownFileType = sourcecode.c.objc; name = CCTexture2D.m; path = libs/cocos2d/CCTexture2D.m; sourceTree = "<group>"; };
		0E59AD10150EBDA5008DB903 /* CCTextureAtlas.h */ = {isa = PBXFileReference; lastKnownFileType = sourcecode.c.h; name = CCTextureAtlas.h; path = libs/cocos2d/CCTextureAtlas.h; sourceTree = "<group>"; };
		0E59AD11150EBDA5008DB903 /* CCTextureAtlas.m */ = {isa = PBXFileReference; lastKnownFileType = sourcecode.c.objc; name = CCTextureAtlas.m; path = libs/cocos2d/CCTextureAtlas.m; sourceTree = "<group>"; };
		0E59AD13150EBDA5008DB903 /* CCTextureCache.h */ = {isa = PBXFileReference; lastKnownFileType = sourcecode.c.h; name = CCTextureCache.h; path = libs/cocos2d/CCTextureCache.h; sourceTree = "<group>"; };
		0E59AD14150EBDA5008DB903 /* CCTextureCache.m */ = {isa = PBXFileReference; lastKnownFileType = sourcecode.c.objc; name = CCTextureCache.m; path = libs/cocos2d/CCTextureCache.m; sourceTree = "<group>"; };
		0E59AD16150EBDA5008DB903 /* CCTexturePVR.h */ = {isa = PBXFileReference; lastKnownFileType = sourcecode.c.h; name = CCTexturePVR.h; path = libs/cocos2d/CCTexturePVR.h; sourceTree = "<group>"; };
		0E59AD17150EBDA5008DB903 /* CCTexturePVR.m */ = {isa = PBXFileReference; lastKnownFileType = sourcecode.c.objc; name = CCTexturePVR.m; path = libs/cocos2d/CCTexturePVR.m; sourceTree = "<group>"; };
		0E59AD19150EBDA5008DB903 /* CCTileMapAtlas.h */ = {isa = PBXFileReference; lastKnownFileType = sourcecode.c.h; name = CCTileMapAtlas.h; path = libs/cocos2d/CCTileMapAtlas.h; sourceTree = "<group>"; };
		0E59AD1A150EBDA5008DB903 /* CCTileMapAtlas.m */ = {isa = PBXFileReference; lastKnownFileType = sourcecode.c.objc; name = CCTileMapAtlas.m; path = libs/cocos2d/CCTileMapAtlas.m; sourceTree = "<group>"; };
		0E59AD1C150EBDA5008DB903 /* CCTMXLayer.h */ = {isa = PBXFileReference; lastKnownFileType = sourcecode.c.h; name = CCTMXLayer.h; path = libs/cocos2d/CCTMXLayer.h; sourceTree = "<group>"; };
		0E59AD1D150EBDA5008DB903 /* CCTMXLayer.m */ = {isa = PBXFileReference; lastKnownFileType = sourcecode.c.objc; name = CCTMXLayer.m; path = libs/cocos2d/CCTMXLayer.m; sourceTree = "<group>"; };
		0E59AD1F150EBDA5008DB903 /* CCTMXObjectGroup.h */ = {isa = PBXFileReference; lastKnownFileType = sourcecode.c.h; name = CCTMXObjectGroup.h; path = libs/cocos2d/CCTMXObjectGroup.h; sourceTree = "<group>"; };
		0E59AD20150EBDA5008DB903 /* CCTMXObjectGroup.m */ = {isa = PBXFileReference; lastKnownFileType = sourcecode.c.objc; name = CCTMXObjectGroup.m; path = libs/cocos2d/CCTMXObjectGroup.m; sourceTree = "<group>"; };
		0E59AD22150EBDA5008DB903 /* CCTMXTiledMap.h */ = {isa = PBXFileReference; lastKnownFileType = sourcecode.c.h; name = CCTMXTiledMap.h; path = libs/cocos2d/CCTMXTiledMap.h; sourceTree = "<group>"; };
		0E59AD23150EBDA6008DB903 /* CCTMXTiledMap.m */ = {isa = PBXFileReference; lastKnownFileType = sourcecode.c.objc; name = CCTMXTiledMap.m; path = libs/cocos2d/CCTMXTiledMap.m; sourceTree = "<group>"; };
		0E59AD25150EBDA6008DB903 /* CCTMXXMLParser.h */ = {isa = PBXFileReference; lastKnownFileType = sourcecode.c.h; name = CCTMXXMLParser.h; path = libs/cocos2d/CCTMXXMLParser.h; sourceTree = "<group>"; };
		0E59AD26150EBDA6008DB903 /* CCTMXXMLParser.m */ = {isa = PBXFileReference; lastKnownFileType = sourcecode.c.objc; name = CCTMXXMLParser.m; path = libs/cocos2d/CCTMXXMLParser.m; sourceTree = "<group>"; };
		0E59AD28150EBDA6008DB903 /* CCTransition.h */ = {isa = PBXFileReference; lastKnownFileType = sourcecode.c.h; name = CCTransition.h; path = libs/cocos2d/CCTransition.h; sourceTree = "<group>"; };
		0E59AD29150EBDA6008DB903 /* CCTransition.m */ = {isa = PBXFileReference; lastKnownFileType = sourcecode.c.objc; name = CCTransition.m; path = libs/cocos2d/CCTransition.m; sourceTree = "<group>"; };
		0E59AD2B150EBDA6008DB903 /* CCTransitionPageTurn.h */ = {isa = PBXFileReference; lastKnownFileType = sourcecode.c.h; name = CCTransitionPageTurn.h; path = libs/cocos2d/CCTransitionPageTurn.h; sourceTree = "<group>"; };
		0E59AD2C150EBDA6008DB903 /* CCTransitionPageTurn.m */ = {isa = PBXFileReference; lastKnownFileType = sourcecode.c.objc; name = CCTransitionPageTurn.m; path = libs/cocos2d/CCTransitionPageTurn.m; sourceTree = "<group>"; };
		0E59AD2E150EBDA6008DB903 /* CCTransitionRadial.h */ = {isa = PBXFileReference; lastKnownFileType = sourcecode.c.h; name = CCTransitionRadial.h; path = libs/cocos2d/CCTransitionRadial.h; sourceTree = "<group>"; };
		0E59AD2F150EBDA6008DB903 /* CCTransitionRadial.m */ = {isa = PBXFileReference; lastKnownFileType = sourcecode.c.objc; name = CCTransitionRadial.m; path = libs/cocos2d/CCTransitionRadial.m; sourceTree = "<group>"; };
		0E59AD31150EBDA6008DB903 /* ccTypes.h */ = {isa = PBXFileReference; lastKnownFileType = sourcecode.c.h; name = ccTypes.h; path = libs/cocos2d/ccTypes.h; sourceTree = "<group>"; };
		0E59AD32150EBDA6008DB903 /* cocos2d.h */ = {isa = PBXFileReference; lastKnownFileType = sourcecode.c.h; name = cocos2d.h; path = libs/cocos2d/cocos2d.h; sourceTree = "<group>"; };
		0E59AD33150EBDA6008DB903 /* cocos2d.m */ = {isa = PBXFileReference; lastKnownFileType = sourcecode.c.objc; name = cocos2d.m; path = libs/cocos2d/cocos2d.m; sourceTree = "<group>"; };
		0E59AD36150EBDA6008DB903 /* CCGL.h */ = {isa = PBXFileReference; lastKnownFileType = sourcecode.c.h; name = CCGL.h; path = libs/cocos2d/Platforms/CCGL.h; sourceTree = "<group>"; };
		0E59AD37150EBDA6008DB903 /* CCNS.h */ = {isa = PBXFileReference; lastKnownFileType = sourcecode.c.h; name = CCNS.h; path = libs/cocos2d/Platforms/CCNS.h; sourceTree = "<group>"; };
		0E59AD39150EBDA6008DB903 /* CCDirectorIOS.h */ = {isa = PBXFileReference; lastKnownFileType = sourcecode.c.h; name = CCDirectorIOS.h; path = libs/cocos2d/Platforms/iOS/CCDirectorIOS.h; sourceTree = "<group>"; };
		0E59AD3A150EBDA6008DB903 /* CCDirectorIOS.m */ = {isa = PBXFileReference; lastKnownFileType = sourcecode.c.objc; name = CCDirectorIOS.m; path = libs/cocos2d/Platforms/iOS/CCDirectorIOS.m; sourceTree = "<group>"; };
		0E59AD3C150EBDA6008DB903 /* CCTouchDelegateProtocol.h */ = {isa = PBXFileReference; lastKnownFileType = sourcecode.c.h; name = CCTouchDelegateProtocol.h; path = libs/cocos2d/Platforms/iOS/CCTouchDelegateProtocol.h; sourceTree = "<group>"; };
		0E59AD3D150EBDA6008DB903 /* CCTouchDispatcher.h */ = {isa = PBXFileReference; lastKnownFileType = sourcecode.c.h; name = CCTouchDispatcher.h; path = libs/cocos2d/Platforms/iOS/CCTouchDispatcher.h; sourceTree = "<group>"; };
		0E59AD3E150EBDA6008DB903 /* CCTouchDispatcher.m */ = {isa = PBXFileReference; lastKnownFileType = sourcecode.c.objc; name = CCTouchDispatcher.m; path = libs/cocos2d/Platforms/iOS/CCTouchDispatcher.m; sourceTree = "<group>"; };
		0E59AD40150EBDA6008DB903 /* CCTouchHandler.h */ = {isa = PBXFileReference; lastKnownFileType = sourcecode.c.h; name = CCTouchHandler.h; path = libs/cocos2d/Platforms/iOS/CCTouchHandler.h; sourceTree = "<group>"; };
		0E59AD41150EBDA6008DB903 /* CCTouchHandler.m */ = {isa = PBXFileReference; lastKnownFileType = sourcecode.c.objc; name = CCTouchHandler.m; path = libs/cocos2d/Platforms/iOS/CCTouchHandler.m; sourceTree = "<group>"; };
		0E59AD43150EBDA6008DB903 /* EAGLView.h */ = {isa = PBXFileReference; lastKnownFileType = sourcecode.c.h; name = EAGLView.h; path = libs/cocos2d/Platforms/iOS/EAGLView.h; sourceTree = "<group>"; };
		0E59AD44150EBDA6008DB903 /* EAGLView.m */ = {isa = PBXFileReference; lastKnownFileType = sourcecode.c.objc; name = EAGLView.m; path = libs/cocos2d/Platforms/iOS/EAGLView.m; sourceTree = "<group>"; };
		0E59AD46150EBDA6008DB903 /* ES1Renderer.h */ = {isa = PBXFileReference; lastKnownFileType = sourcecode.c.h; name = ES1Renderer.h; path = libs/cocos2d/Platforms/iOS/ES1Renderer.h; sourceTree = "<group>"; };
		0E59AD47150EBDA6008DB903 /* ES1Renderer.m */ = {isa = PBXFileReference; lastKnownFileType = sourcecode.c.objc; name = ES1Renderer.m; path = libs/cocos2d/Platforms/iOS/ES1Renderer.m; sourceTree = "<group>"; };
		0E59AD49150EBDA6008DB903 /* ESRenderer.h */ = {isa = PBXFileReference; lastKnownFileType = sourcecode.c.h; name = ESRenderer.h; path = libs/cocos2d/Platforms/iOS/ESRenderer.h; sourceTree = "<group>"; };
		0E59AD4A150EBDA6008DB903 /* glu.c */ = {isa = PBXFileReference; lastKnownFileType = sourcecode.c.c; name = glu.c; path = libs/cocos2d/Platforms/iOS/glu.c; sourceTree = "<group>"; };
		0E59AD4C150EBDA6008DB903 /* glu.h */ = {isa = PBXFileReference; lastKnownFileType = sourcecode.c.h; name = glu.h; path = libs/cocos2d/Platforms/iOS/glu.h; sourceTree = "<group>"; };
		0E59AD4E150EBDA6008DB903 /* CCDirectorMac.h */ = {isa = PBXFileReference; lastKnownFileType = sourcecode.c.h; name = CCDirectorMac.h; path = libs/cocos2d/Platforms/Mac/CCDirectorMac.h; sourceTree = "<group>"; };
		0E59AD4F150EBDA6008DB903 /* CCDirectorMac.m */ = {isa = PBXFileReference; lastKnownFileType = sourcecode.c.objc; name = CCDirectorMac.m; path = libs/cocos2d/Platforms/Mac/CCDirectorMac.m; sourceTree = "<group>"; };
		0E59AD51150EBDA6008DB903 /* CCEventDispatcher.h */ = {isa = PBXFileReference; lastKnownFileType = sourcecode.c.h; name = CCEventDispatcher.h; path = libs/cocos2d/Platforms/Mac/CCEventDispatcher.h; sourceTree = "<group>"; };
		0E59AD52150EBDA6008DB903 /* CCEventDispatcher.m */ = {isa = PBXFileReference; lastKnownFileType = sourcecode.c.objc; name = CCEventDispatcher.m; path = libs/cocos2d/Platforms/Mac/CCEventDispatcher.m; sourceTree = "<group>"; };
		0E59AD54150EBDA6008DB903 /* MacGLView.h */ = {isa = PBXFileReference; lastKnownFileType = sourcecode.c.h; name = MacGLView.h; path = libs/cocos2d/Platforms/Mac/MacGLView.h; sourceTree = "<group>"; };
		0E59AD55150EBDA6008DB903 /* MacGLView.m */ = {isa = PBXFileReference; lastKnownFileType = sourcecode.c.objc; name = MacGLView.m; path = libs/cocos2d/Platforms/Mac/MacGLView.m; sourceTree = "<group>"; };
		0E59AD57150EBDA6008DB903 /* MacWindow.h */ = {isa = PBXFileReference; lastKnownFileType = sourcecode.c.h; name = MacWindow.h; path = libs/cocos2d/Platforms/Mac/MacWindow.h; sourceTree = "<group>"; };
		0E59AD58150EBDA6008DB903 /* MacWindow.m */ = {isa = PBXFileReference; lastKnownFileType = sourcecode.c.objc; name = MacWindow.m; path = libs/cocos2d/Platforms/Mac/MacWindow.m; sourceTree = "<group>"; };
		0E59AD5B150EBDA6008DB903 /* base64.c */ = {isa = PBXFileReference; lastKnownFileType = sourcecode.c.c; name = base64.c; path = libs/cocos2d/Support/base64.c; sourceTree = "<group>"; };
		0E59AD5D150EBDA6008DB903 /* base64.h */ = {isa = PBXFileReference; lastKnownFileType = sourcecode.c.h; name = base64.h; path = libs/cocos2d/Support/base64.h; sourceTree = "<group>"; };
		0E59AD5E150EBDA6008DB903 /* CCArray.h */ = {isa = PBXFileReference; lastKnownFileType = sourcecode.c.h; name = CCArray.h; path = libs/cocos2d/Support/CCArray.h; sourceTree = "<group>"; };
		0E59AD5F150EBDA6008DB903 /* CCArray.m */ = {isa = PBXFileReference; lastKnownFileType = sourcecode.c.objc; name = CCArray.m; path = libs/cocos2d/Support/CCArray.m; sourceTree = "<group>"; };
		0E59AD61150EBDA6008DB903 /* ccCArray.h */ = {isa = PBXFileReference; lastKnownFileType = sourcecode.c.h; name = ccCArray.h; path = libs/cocos2d/Support/ccCArray.h; sourceTree = "<group>"; };
		0E59AD62150EBDA6008DB903 /* CCFileUtils.h */ = {isa = PBXFileReference; lastKnownFileType = sourcecode.c.h; name = CCFileUtils.h; path = libs/cocos2d/Support/CCFileUtils.h; sourceTree = "<group>"; };
		0E59AD63150EBDA6008DB903 /* CCFileUtils.m */ = {isa = PBXFileReference; lastKnownFileType = sourcecode.c.objc; name = CCFileUtils.m; path = libs/cocos2d/Support/CCFileUtils.m; sourceTree = "<group>"; };
		0E59AD65150EBDA6008DB903 /* CCProfiling.h */ = {isa = PBXFileReference; lastKnownFileType = sourcecode.c.h; name = CCProfiling.h; path = libs/cocos2d/Support/CCProfiling.h; sourceTree = "<group>"; };
		0E59AD66150EBDA6008DB903 /* CCProfiling.m */ = {isa = PBXFileReference; lastKnownFileType = sourcecode.c.objc; name = CCProfiling.m; path = libs/cocos2d/Support/CCProfiling.m; sourceTree = "<group>"; };
		0E59AD68150EBDA6008DB903 /* ccUtils.c */ = {isa = PBXFileReference; lastKnownFileType = sourcecode.c.c; name = ccUtils.c; path = libs/cocos2d/Support/ccUtils.c; sourceTree = "<group>"; };
		0E59AD6A150EBDA6008DB903 /* ccUtils.h */ = {isa = PBXFileReference; lastKnownFileType = sourcecode.c.h; name = ccUtils.h; path = libs/cocos2d/Support/ccUtils.h; sourceTree = "<group>"; };
		0E59AD6B150EBDA6008DB903 /* CGPointExtension.h */ = {isa = PBXFileReference; lastKnownFileType = sourcecode.c.h; name = CGPointExtension.h; path = libs/cocos2d/Support/CGPointExtension.h; sourceTree = "<group>"; };
		0E59AD6C150EBDA6008DB903 /* CGPointExtension.m */ = {isa = PBXFileReference; lastKnownFileType = sourcecode.c.objc; name = CGPointExtension.m; path = libs/cocos2d/Support/CGPointExtension.m; sourceTree = "<group>"; };
		0E59AD6E150EBDA6008DB903 /* OpenGL_Internal.h */ = {isa = PBXFileReference; lastKnownFileType = sourcecode.c.h; name = OpenGL_Internal.h; path = libs/cocos2d/Support/OpenGL_Internal.h; sourceTree = "<group>"; };
		0E59AD6F150EBDA6008DB903 /* TGAlib.h */ = {isa = PBXFileReference; lastKnownFileType = sourcecode.c.h; name = TGAlib.h; path = libs/cocos2d/Support/TGAlib.h; sourceTree = "<group>"; };
		0E59AD70150EBDA6008DB903 /* TGAlib.m */ = {isa = PBXFileReference; lastKnownFileType = sourcecode.c.objc; name = TGAlib.m; path = libs/cocos2d/Support/TGAlib.m; sourceTree = "<group>"; };
		0E59AD72150EBDA6008DB903 /* TransformUtils.h */ = {isa = PBXFileReference; lastKnownFileType = sourcecode.c.h; name = TransformUtils.h; path = libs/cocos2d/Support/TransformUtils.h; sourceTree = "<group>"; };
		0E59AD73150EBDA6008DB903 /* TransformUtils.m */ = {isa = PBXFileReference; lastKnownFileType = sourcecode.c.objc; name = TransformUtils.m; path = libs/cocos2d/Support/TransformUtils.m; sourceTree = "<group>"; };
		0E59AD75150EBDA6008DB903 /* uthash.h */ = {isa = PBXFileReference; lastKnownFileType = sourcecode.c.h; name = uthash.h; path = libs/cocos2d/Support/uthash.h; sourceTree = "<group>"; };
		0E59AD76150EBDA6008DB903 /* utlist.h */ = {isa = PBXFileReference; lastKnownFileType = sourcecode.c.h; name = utlist.h; path = libs/cocos2d/Support/utlist.h; sourceTree = "<group>"; };
		0E59AD77150EBDA6008DB903 /* ZipUtils.h */ = {isa = PBXFileReference; lastKnownFileType = sourcecode.c.h; name = ZipUtils.h; path = libs/cocos2d/Support/ZipUtils.h; sourceTree = "<group>"; };
		0E59AD78150EBDA6008DB903 /* ZipUtils.m */ = {isa = PBXFileReference; lastKnownFileType = sourcecode.c.objc; name = ZipUtils.m; path = libs/cocos2d/Support/ZipUtils.m; sourceTree = "<group>"; };
		0E59AD7A150EBDA6008DB903 /* LICENSE_cocos2d.txt */ = {isa = PBXFileReference; lastKnownFileType = text; name = LICENSE_cocos2d.txt; path = libs/LICENSE_cocos2d.txt; sourceTree = "<group>"; };
		0E59AD7C150EBDA6008DB903 /* CDAudioManager.h */ = {isa = PBXFileReference; lastKnownFileType = sourcecode.c.h; name = CDAudioManager.h; path = libs/CocosDenshion/CDAudioManager.h; sourceTree = "<group>"; };
		0E59AD7D150EBDA6008DB903 /* CDAudioManager.m */ = {isa = PBXFileReference; lastKnownFileType = sourcecode.c.objc; name = CDAudioManager.m; path = libs/CocosDenshion/CDAudioManager.m; sourceTree = "<group>"; };
		0E59AD7F150EBDA6008DB903 /* CDConfig.h */ = {isa = PBXFileReference; lastKnownFileType = sourcecode.c.h; name = CDConfig.h; path = libs/CocosDenshion/CDConfig.h; sourceTree = "<group>"; };
		0E59AD80150EBDA6008DB903 /* CDOpenALSupport.h */ = {isa = PBXFileReference; lastKnownFileType = sourcecode.c.h; name = CDOpenALSupport.h; path = libs/CocosDenshion/CDOpenALSupport.h; sourceTree = "<group>"; };
		0E59AD81150EBDA6008DB903 /* CDOpenALSupport.m */ = {isa = PBXFileReference; lastKnownFileType = sourcecode.c.objc; name = CDOpenALSupport.m; path = libs/CocosDenshion/CDOpenALSupport.m; sourceTree = "<group>"; };
		0E59AD83150EBDA6008DB903 /* CocosDenshion.h */ = {isa = PBXFileReference; lastKnownFileType = sourcecode.c.h; name = CocosDenshion.h; path = libs/CocosDenshion/CocosDenshion.h; sourceTree = "<group>"; };
		0E59AD84150EBDA6008DB903 /* CocosDenshion.m */ = {isa = PBXFileReference; lastKnownFileType = sourcecode.c.objc; name = CocosDenshion.m; path = libs/CocosDenshion/CocosDenshion.m; sourceTree = "<group>"; };
		0E59AD86150EBDA6008DB903 /* SimpleAudioEngine.h */ = {isa = PBXFileReference; lastKnownFileType = sourcecode.c.h; name = SimpleAudioEngine.h; path = libs/CocosDenshion/SimpleAudioEngine.h; sourceTree = "<group>"; };
		0E59AD87150EBDA6008DB903 /* SimpleAudioEngine.m */ = {isa = PBXFileReference; lastKnownFileType = sourcecode.c.objc; name = SimpleAudioEngine.m; path = libs/CocosDenshion/SimpleAudioEngine.m; sourceTree = "<group>"; };
		0E59AD89150EBDA6008DB903 /* LICENSE_CocosDenshion.txt */ = {isa = PBXFileReference; lastKnownFileType = text; name = LICENSE_CocosDenshion.txt; path = libs/LICENSE_CocosDenshion.txt; sourceTree = "<group>"; };
		0E59AD8B150EBDA6008DB903 /* CLScoreServerPost.h */ = {isa = PBXFileReference; lastKnownFileType = sourcecode.c.h; name = CLScoreServerPost.h; path = libs/cocoslive/CLScoreServerPost.h; sourceTree = "<group>"; };
		0E59AD8C150EBDA6008DB903 /* CLScoreServerPost.m */ = {isa = PBXFileReference; lastKnownFileType = sourcecode.c.objc; name = CLScoreServerPost.m; path = libs/cocoslive/CLScoreServerPost.m; sourceTree = "<group>"; };
		0E59AD8E150EBDA6008DB903 /* CLScoreServerRequest.h */ = {isa = PBXFileReference; lastKnownFileType = sourcecode.c.h; name = CLScoreServerRequest.h; path = libs/cocoslive/CLScoreServerRequest.h; sourceTree = "<group>"; };
		0E59AD8F150EBDA6008DB903 /* CLScoreServerRequest.m */ = {isa = PBXFileReference; lastKnownFileType = sourcecode.c.objc; name = CLScoreServerRequest.m; path = libs/cocoslive/CLScoreServerRequest.m; sourceTree = "<group>"; };
		0E59AD91150EBDA6008DB903 /* cocoslive.h */ = {isa = PBXFileReference; lastKnownFileType = sourcecode.c.h; name = cocoslive.h; path = libs/cocoslive/cocoslive.h; sourceTree = "<group>"; };
		0E59AD92150EBDA6008DB903 /* cocoslive.m */ = {isa = PBXFileReference; lastKnownFileType = sourcecode.c.objc; name = cocoslive.m; path = libs/cocoslive/cocoslive.m; sourceTree = "<group>"; };
		0E59AD94150EBDA6008DB903 /* LICENSE_TouchJSON.txt */ = {isa = PBXFileReference; lastKnownFileType = text; name = LICENSE_TouchJSON.txt; path = libs/LICENSE_TouchJSON.txt; sourceTree = "<group>"; };
		0E59AD96150EBDA6008DB903 /* CDataScanner.h */ = {isa = PBXFileReference; lastKnownFileType = sourcecode.c.h; name = CDataScanner.h; path = libs/TouchJSON/CDataScanner.h; sourceTree = "<group>"; };
		0E59AD97150EBDA6008DB903 /* CDataScanner.m */ = {isa = PBXFileReference; lastKnownFileType = sourcecode.c.objc; name = CDataScanner.m; path = libs/TouchJSON/CDataScanner.m; sourceTree = "<group>"; };
		0E59AD9A150EBDA6008DB903 /* CDataScanner_Extensions.h */ = {isa = PBXFileReference; lastKnownFileType = sourcecode.c.h; name = CDataScanner_Extensions.h; path = libs/TouchJSON/Extensions/CDataScanner_Extensions.h; sourceTree = "<group>"; };
		0E59AD9B150EBDA6008DB903 /* CDataScanner_Extensions.m */ = {isa = PBXFileReference; lastKnownFileType = sourcecode.c.objc; name = CDataScanner_Extensions.m; path = libs/TouchJSON/Extensions/CDataScanner_Extensions.m; sourceTree = "<group>"; };
		0E59AD9D150EBDA6008DB903 /* NSDictionary_JSONExtensions.h */ = {isa = PBXFileReference; lastKnownFileType = sourcecode.c.h; name = NSDictionary_JSONExtensions.h; path = libs/TouchJSON/Extensions/NSDictionary_JSONExtensions.h; sourceTree = "<group>"; };
		0E59AD9E150EBDA6008DB903 /* NSDictionary_JSONExtensions.m */ = {isa = PBXFileReference; lastKnownFileType = sourcecode.c.objc; name = NSDictionary_JSONExtensions.m; path = libs/TouchJSON/Extensions/NSDictionary_JSONExtensions.m; sourceTree = "<group>"; };
		0E59ADA1150EBDA6008DB903 /* CJSONDeserializer.h */ = {isa = PBXFileReference; lastKnownFileType = sourcecode.c.h; name = CJSONDeserializer.h; path = libs/TouchJSON/JSON/CJSONDeserializer.h; sourceTree = "<group>"; };
		0E59ADA2150EBDA6008DB903 /* CJSONDeserializer.m */ = {isa = PBXFileReference; lastKnownFileType = sourcecode.c.objc; name = CJSONDeserializer.m; path = libs/TouchJSON/JSON/CJSONDeserializer.m; sourceTree = "<group>"; };
		0E59ADA4150EBDA6008DB903 /* CJSONScanner.h */ = {isa = PBXFileReference; lastKnownFileType = sourcecode.c.h; name = CJSONScanner.h; path = libs/TouchJSON/JSON/CJSONScanner.h; sourceTree = "<group>"; };
		0E59ADA5150EBDA6008DB903 /* CJSONScanner.m */ = {isa = PBXFileReference; lastKnownFileType = sourcecode.c.objc; name = CJSONScanner.m; path = libs/TouchJSON/JSON/CJSONScanner.m; sourceTree = "<group>"; };
		0E59ADA7150EBDA6008DB903 /* CJSONSerializer.h */ = {isa = PBXFileReference; lastKnownFileType = sourcecode.c.h; name = CJSONSerializer.h; path = libs/TouchJSON/JSON/CJSONSerializer.h; sourceTree = "<group>"; };
		0E59ADA8150EBDA6008DB903 /* CJSONSerializer.m */ = {isa = PBXFileReference; lastKnownFileType = sourcecode.c.objc; name = CJSONSerializer.m; path = libs/TouchJSON/JSON/CJSONSerializer.m; sourceTree = "<group>"; };
		0E59ADAA150EBDA6008DB903 /* JSONRepresentation.h */ = {isa = PBXFileReference; lastKnownFileType = sourcecode.c.h; name = JSONRepresentation.h; path = libs/TouchJSON/JSON/JSONRepresentation.h; sourceTree = "<group>"; };
		0E59ADAC150EBDA6008DB903 /* FontLabel.h */ = {isa = PBXFileReference; lastKnownFileType = sourcecode.c.h; name = FontLabel.h; path = libs/FontLabel/FontLabel.h; sourceTree = "<group>"; };
		0E59ADAD150EBDA6008DB903 /* FontLabel.m */ = {isa = PBXFileReference; lastKnownFileType = sourcecode.c.objc; name = FontLabel.m; path = libs/FontLabel/FontLabel.m; sourceTree = "<group>"; };
		0E59ADAF150EBDA6008DB903 /* FontLabelStringDrawing.h */ = {isa = PBXFileReference; lastKnownFileType = sourcecode.c.h; name = FontLabelStringDrawing.h; path = libs/FontLabel/FontLabelStringDrawing.h; sourceTree = "<group>"; };
		0E59ADB0150EBDA6008DB903 /* FontLabelStringDrawing.m */ = {isa = PBXFileReference; lastKnownFileType = sourcecode.c.objc; name = FontLabelStringDrawing.m; path = libs/FontLabel/FontLabelStringDrawing.m; sourceTree = "<group>"; };
		0E59ADB2150EBDA6008DB903 /* FontManager.h */ = {isa = PBXFileReference; lastKnownFileType = sourcecode.c.h; name = FontManager.h; path = libs/FontLabel/FontManager.h; sourceTree = "<group>"; };
		0E59ADB3150EBDA6008DB903 /* FontManager.m */ = {isa = PBXFileReference; lastKnownFileType = sourcecode.c.objc; name = FontManager.m; path = libs/FontLabel/FontManager.m; sourceTree = "<group>"; };
		0E59ADB5150EBDA6008DB903 /* ZAttributedString.h */ = {isa = PBXFileReference; lastKnownFileType = sourcecode.c.h; name = ZAttributedString.h; path = libs/FontLabel/ZAttributedString.h; sourceTree = "<group>"; };
		0E59ADB6150EBDA6008DB903 /* ZAttributedString.m */ = {isa = PBXFileReference; lastKnownFileType = sourcecode.c.objc; name = ZAttributedString.m; path = libs/FontLabel/ZAttributedString.m; sourceTree = "<group>"; };
		0E59ADB8150EBDA6008DB903 /* ZAttributedStringPrivate.h */ = {isa = PBXFileReference; lastKnownFileType = sourcecode.c.h; name = ZAttributedStringPrivate.h; path = libs/FontLabel/ZAttributedStringPrivate.h; sourceTree = "<group>"; };
		0E59ADB9150EBDA6008DB903 /* ZFont.h */ = {isa = PBXFileReference; lastKnownFileType = sourcecode.c.h; name = ZFont.h; path = libs/FontLabel/ZFont.h; sourceTree = "<group>"; };
		0E59ADBA150EBDA6008DB903 /* ZFont.m */ = {isa = PBXFileReference; lastKnownFileType = sourcecode.c.objc; name = ZFont.m; path = libs/FontLabel/ZFont.m; sourceTree = "<group>"; };
		0E59ADBC150EBDA6008DB903 /* LICENSE_FontLabel.txt */ = {isa = PBXFileReference; lastKnownFileType = text; name = LICENSE_FontLabel.txt; path = libs/LICENSE_FontLabel.txt; sourceTree = "<group>"; };
		0E59ADBE150EBDA6008DB903 /* Prefix.pch */ = {isa = PBXFileReference; lastKnownFileType = sourcecode.c.h; path = Prefix.pch; sourceTree = "<group>"; };
		0E59ADBF150EBDA6008DB903 /* main.m */ = {isa = PBXFileReference; lastKnownFileType = sourcecode.c.objc; path = main.m; sourceTree = "<group>"; };
		0E59ADC1150EBDA6008DB903 /* AppDelegate.h */ = {isa = PBXFileReference; lastKnownFileType = sourcecode.c.h; path = AppDelegate.h; sourceTree = "<group>"; };
		0E59ADC2150EBDA6008DB903 /* AppDelegate.m */ = {isa = PBXFileReference; lastKnownFileType = sourcecode.c.objc; path = AppDelegate.m; sourceTree = "<group>"; };
		0E59ADC4150EBDA6008DB903 /* RootViewController.h */ = {isa = PBXFileReference; lastKnownFileType = sourcecode.c.h; path = RootViewController.h; sourceTree = "<group>"; };
		0E59ADC5150EBDA7008DB903 /* RootViewController.m */ = {isa = PBXFileReference; lastKnownFileType = sourcecode.c.objc; path = RootViewController.m; sourceTree = "<group>"; };
		0E59ADCA150EBDA7008DB903 /* GameConfig.h */ = {isa = PBXFileReference; lastKnownFileType = sourcecode.c.h; path = GameConfig.h; sourceTree = "<group>"; };
		0E59ADD41518A9C7008DB903 /* pc01_00-hd.png */ = {isa = PBXFileReference; lastKnownFileType = image.png; name = "pc01_00-hd.png"; path = "Resources/pc01_00-hd.png"; sourceTree = "<group>"; };
		0E59ADD51518A9C7008DB903 /* pc01_00.png */ = {isa = PBXFileReference; lastKnownFileType = image.png; name = pc01_00.png; path = Resources/pc01_00.png; sourceTree = "<group>"; };
		0E78014E1544235700634322 /* areachip-hd.png */ = {isa = PBXFileReference; lastKnownFileType = image.png; name = "areachip-hd.png"; path = "Resources/areachip-hd.png"; sourceTree = "<group>"; };
		0E78014F1544235700634322 /* areachip.png */ = {isa = PBXFileReference; lastKnownFileType = image.png; name = areachip.png; path = Resources/areachip.png; sourceTree = "<group>"; };
		0E780158154428A000634322 /* SRPG.h */ = {isa = PBXFileReference; lastKnownFileType = sourcecode.c.h; path = SRPG.h; sourceTree = "<group>"; };
		0E780159154428F500634322 /* SRTypes.h */ = {isa = PBXFileReference; lastKnownFileType = sourcecode.c.h; path = SRTypes.h; sourceTree = "<group>"; };
		0E88273B164652C000D2F5BD /* SRMapChip.h */ = {isa = PBXFileReference; fileEncoding = 4; lastKnownFileType = sourcecode.c.h; name = SRMapChip.h; path = models/SRMapChip.h; sourceTree = "<group>"; };
		0E88273C164652C000D2F5BD /* SRMapChip.m */ = {isa = PBXFileReference; fileEncoding = 4; lastKnownFileType = sourcecode.c.objc; name = SRMapChip.m; path = models/SRMapChip.m; sourceTree = "<group>"; };
		0E88273F164658AB00D2F5BD /* SRArea.h */ = {isa = PBXFileReference; fileEncoding = 4; lastKnownFileType = sourcecode.c.h; name = SRArea.h; path = models/SRArea.h; sourceTree = "<group>"; };
		0E882740164658AB00D2F5BD /* SRArea.m */ = {isa = PBXFileReference; fileEncoding = 4; lastKnownFileType = sourcecode.c.objc; name = SRArea.m; path = models/SRArea.m; sourceTree = "<group>"; };
		0E882741164658AB00D2F5BD /* SRRoute.h */ = {isa = PBXFileReference; fileEncoding = 4; lastKnownFileType = sourcecode.c.h; name = SRRoute.h; path = models/SRRoute.h; sourceTree = "<group>"; };
		0E882742164658AB00D2F5BD /* SRRoute.m */ = {isa = PBXFileReference; fileEncoding = 4; lastKnownFileType = sourcecode.c.objc; name = SRRoute.m; path = models/SRRoute.m; sourceTree = "<group>"; };
		0E882743164658AB00D2F5BD /* SRUnit.h */ = {isa = PBXFileReference; fileEncoding = 4; lastKnownFileType = sourcecode.c.h; name = SRUnit.h; path = models/SRUnit.h; sourceTree = "<group>"; };
		0E882744164658AC00D2F5BD /* SRUnit.m */ = {isa = PBXFileReference; fileEncoding = 4; lastKnownFileType = sourcecode.c.objc; name = SRUnit.m; path = models/SRUnit.m; sourceTree = "<group>"; };
		0E882748164658BA00D2F5BD /* SRAreaLayer.h */ = {isa = PBXFileReference; fileEncoding = 4; lastKnownFileType = sourcecode.c.h; name = SRAreaLayer.h; path = FieldScene/SRAreaLayer.h; sourceTree = "<group>"; };
		0E882749164658BA00D2F5BD /* SRAreaLayer.m */ = {isa = PBXFileReference; fileEncoding = 4; lastKnownFileType = sourcecode.c.objc; name = SRAreaLayer.m; path = FieldScene/SRAreaLayer.m; sourceTree = "<group>"; };
		0E88274A164658BA00D2F5BD /* SRFieldScene.h */ = {isa = PBXFileReference; fileEncoding = 4; lastKnownFileType = sourcecode.c.h; name = SRFieldScene.h; path = FieldScene/SRFieldScene.h; sourceTree = "<group>"; };
		0E88274B164658BB00D2F5BD /* SRFieldScene.m */ = {isa = PBXFileReference; fileEncoding = 4; lastKnownFileType = sourcecode.c.objc; name = SRFieldScene.m; path = FieldScene/SRFieldScene.m; sourceTree = "<group>"; };
		0E88274C164658BC00D2F5BD /* SRMapLayer.h */ = {isa = PBXFileReference; fileEncoding = 4; lastKnownFileType = sourcecode.c.h; name = SRMapLayer.h; path = FieldScene/SRMapLayer.h; sourceTree = "<group>"; };
		0E88274D164658BD00D2F5BD /* SRMapLayer.m */ = {isa = PBXFileReference; fileEncoding = 4; lastKnownFileType = sourcecode.c.objc; name = SRMapLayer.m; path = FieldScene/SRMapLayer.m; sourceTree = "<group>"; };
		0E88274E164658BE00D2F5BD /* SRUnitLayer.h */ = {isa = PBXFileReference; fileEncoding = 4; lastKnownFileType = sourcecode.c.h; name = SRUnitLayer.h; path = FieldScene/SRUnitLayer.h; sourceTree = "<group>"; };
		0E88274F164658BF00D2F5BD /* SRUnitLayer.m */ = {isa = PBXFileReference; fileEncoding = 4; lastKnownFileType = sourcecode.c.objc; name = SRUnitLayer.m; path = FieldScene/SRUnitLayer.m; sourceTree = "<group>"; };
/* End PBXFileReference section */

/* Begin PBXFrameworksBuildPhase section */
		0E59AC58150EBDA4008DB903 /* Frameworks */ = {
			isa = PBXFrameworksBuildPhase;
			buildActionMask = 2147483647;
			files = (
				0E59AC60150EBDA4008DB903 /* QuartzCore.framework in Frameworks */,
				0E59AC62150EBDA4008DB903 /* OpenGLES.framework in Frameworks */,
				0E59AC64150EBDA4008DB903 /* OpenAL.framework in Frameworks */,
				0E59AC66150EBDA4008DB903 /* AudioToolbox.framework in Frameworks */,
				0E59AC68150EBDA4008DB903 /* AVFoundation.framework in Frameworks */,
				0E59AC6A150EBDA4008DB903 /* UIKit.framework in Frameworks */,
				0E59AC6C150EBDA4008DB903 /* Foundation.framework in Frameworks */,
				0E59AC6E150EBDA4008DB903 /* CoreGraphics.framework in Frameworks */,
			);
			runOnlyForDeploymentPostprocessing = 0;
		};
/* End PBXFrameworksBuildPhase section */

/* Begin PBXGroup section */
		0E59AC50150EBDA4008DB903 = {
			isa = PBXGroup;
			children = (
				0E59AC6F150EBDA4008DB903 /* SRPG */,
				0E59AC5E150EBDA4008DB903 /* Frameworks */,
				0E59AC5C150EBDA4008DB903 /* Products */,
			);
			sourceTree = "<group>";
		};
		0E59AC5C150EBDA4008DB903 /* Products */ = {
			isa = PBXGroup;
			children = (
				0E59AC5B150EBDA4008DB903 /* SRPG.app */,
			);
			name = Products;
			sourceTree = "<group>";
		};
		0E59AC5E150EBDA4008DB903 /* Frameworks */ = {
			isa = PBXGroup;
			children = (
				0E59AC5F150EBDA4008DB903 /* QuartzCore.framework */,
				0E59AC61150EBDA4008DB903 /* OpenGLES.framework */,
				0E59AC63150EBDA4008DB903 /* OpenAL.framework */,
				0E59AC65150EBDA4008DB903 /* AudioToolbox.framework */,
				0E59AC67150EBDA4008DB903 /* AVFoundation.framework */,
				0E59AC69150EBDA4008DB903 /* UIKit.framework */,
				0E59AC6B150EBDA4008DB903 /* Foundation.framework */,
				0E59AC6D150EBDA4008DB903 /* CoreGraphics.framework */,
			);
			name = Frameworks;
			sourceTree = "<group>";
		};
		0E59AC6F150EBDA4008DB903 /* SRPG */ = {
			isa = PBXGroup;
			children = (
				0E780158154428A000634322 /* SRPG.h */,
				0E780159154428F500634322 /* SRTypes.h */,
				0E59ADC1150EBDA6008DB903 /* AppDelegate.h */,
				0E59ADC2150EBDA6008DB903 /* AppDelegate.m */,
				0E59ADC4150EBDA6008DB903 /* RootViewController.h */,
				0E59ADC5150EBDA7008DB903 /* RootViewController.m */,
				0E7801571544275000634322 /* models */,
				0E7801561544273000634322 /* FieldScene */,
				0E59ADCA150EBDA7008DB903 /* GameConfig.h */,
				0E59AC70150EBDA4008DB903 /* Resources */,
				0E59AC84150EBDA4008DB903 /* libs */,
				0E59ADBD150EBDA6008DB903 /* Supporting Files */,
			);
			path = SRPG;
			sourceTree = "<group>";
		};
		0E59AC70150EBDA4008DB903 /* Resources */ = {
			isa = PBXGroup;
			children = (
				0E78014E1544235700634322 /* areachip-hd.png */,
				0E78014F1544235700634322 /* areachip.png */,
				0E59ADD41518A9C7008DB903 /* pc01_00-hd.png */,
				0E59ADD51518A9C7008DB903 /* pc01_00.png */,
				0E59AC71150EBDA4008DB903 /* Default.png */,
				0E59AC73150EBDA4008DB903 /* fps_images.png */,
				0E59AC75150EBDA4008DB903 /* Icon-72.png */,
				0E59AC77150EBDA4008DB903 /* Icon-Small-50.png */,
				0E59AC79150EBDA4008DB903 /* Icon-Small.png */,
				0E59AC7B150EBDA4008DB903 /* Icon-Small@2x.png */,
				0E59AC7D150EBDA4008DB903 /* Icon.png */,
				0E59AC7F150EBDA4008DB903 /* Icon@2x.png */,
				0E59AC81150EBDA4008DB903 /* Info.plist */,
				0E59AC82150EBDA4008DB903 /* iTunesArtwork */,
			);
			name = Resources;
			sourceTree = "<group>";
		};
		0E59AC84150EBDA4008DB903 /* libs */ = {
			isa = PBXGroup;
			children = (
				0E59AD7A150EBDA6008DB903 /* LICENSE_cocos2d.txt */,
				0E59AD89150EBDA6008DB903 /* LICENSE_CocosDenshion.txt */,
				0E59AD94150EBDA6008DB903 /* LICENSE_TouchJSON.txt */,
				0E59ADBC150EBDA6008DB903 /* LICENSE_FontLabel.txt */,
				0E59AC85150EBDA4008DB903 /* cocos2d */,
				0E59AD7B150EBDA6008DB903 /* CocosDenshion */,
				0E59AD8A150EBDA6008DB903 /* cocoslive */,
				0E59AD95150EBDA6008DB903 /* TouchJSON */,
				0E59ADAB150EBDA6008DB903 /* FontLabel */,
			);
			name = libs;
			sourceTree = "<group>";
		};
		0E59AC85150EBDA4008DB903 /* cocos2d */ = {
			isa = PBXGroup;
			children = (
				0E59AC86150EBDA4008DB903 /* CCAction.h */,
				0E59AC87150EBDA4008DB903 /* CCAction.m */,
				0E59AC89150EBDA4008DB903 /* CCActionCamera.h */,
				0E59AC8A150EBDA4008DB903 /* CCActionCamera.m */,
				0E59AC8C150EBDA4008DB903 /* CCActionEase.h */,
				0E59AC8D150EBDA4008DB903 /* CCActionEase.m */,
				0E59AC8F150EBDA4008DB903 /* CCActionGrid.h */,
				0E59AC90150EBDA4008DB903 /* CCActionGrid.m */,
				0E59AC92150EBDA4008DB903 /* CCActionGrid3D.h */,
				0E59AC93150EBDA4008DB903 /* CCActionGrid3D.m */,
				0E59AC95150EBDA4008DB903 /* CCActionInstant.h */,
				0E59AC96150EBDA4008DB903 /* CCActionInstant.m */,
				0E59AC98150EBDA5008DB903 /* CCActionInterval.h */,
				0E59AC99150EBDA5008DB903 /* CCActionInterval.m */,
				0E59AC9B150EBDA5008DB903 /* CCActionManager.h */,
				0E59AC9C150EBDA5008DB903 /* CCActionManager.m */,
				0E59AC9E150EBDA5008DB903 /* CCActionPageTurn3D.h */,
				0E59AC9F150EBDA5008DB903 /* CCActionPageTurn3D.m */,
				0E59ACA1150EBDA5008DB903 /* CCActionProgressTimer.h */,
				0E59ACA2150EBDA5008DB903 /* CCActionProgressTimer.m */,
				0E59ACA4150EBDA5008DB903 /* CCActionTiledGrid.h */,
				0E59ACA5150EBDA5008DB903 /* CCActionTiledGrid.m */,
				0E59ACA7150EBDA5008DB903 /* CCActionTween.h */,
				0E59ACA8150EBDA5008DB903 /* CCActionTween.m */,
				0E59ACAA150EBDA5008DB903 /* CCAnimation.h */,
				0E59ACAB150EBDA5008DB903 /* CCAnimation.m */,
				0E59ACAD150EBDA5008DB903 /* CCAnimationCache.h */,
				0E59ACAE150EBDA5008DB903 /* CCAnimationCache.m */,
				0E59ACB0150EBDA5008DB903 /* CCAtlasNode.h */,
				0E59ACB1150EBDA5008DB903 /* CCAtlasNode.m */,
				0E59ACB3150EBDA5008DB903 /* CCBlockSupport.h */,
				0E59ACB4150EBDA5008DB903 /* CCBlockSupport.m */,
				0E59ACB6150EBDA5008DB903 /* CCCamera.h */,
				0E59ACB7150EBDA5008DB903 /* CCCamera.m */,
				0E59ACB9150EBDA5008DB903 /* ccConfig.h */,
				0E59ACBA150EBDA5008DB903 /* CCConfiguration.h */,
				0E59ACBB150EBDA5008DB903 /* CCConfiguration.m */,
				0E59ACBD150EBDA5008DB903 /* CCDirector.h */,
				0E59ACBE150EBDA5008DB903 /* CCDirector.m */,
				0E59ACC0150EBDA5008DB903 /* CCDrawingPrimitives.h */,
				0E59ACC1150EBDA5008DB903 /* CCDrawingPrimitives.m */,
				0E59ACC3150EBDA5008DB903 /* CCGrabber.h */,
				0E59ACC4150EBDA5008DB903 /* CCGrabber.m */,
				0E59ACC6150EBDA5008DB903 /* CCGrid.h */,
				0E59ACC7150EBDA5008DB903 /* CCGrid.m */,
				0E59ACC9150EBDA5008DB903 /* CCLabelAtlas.h */,
				0E59ACCA150EBDA5008DB903 /* CCLabelAtlas.m */,
				0E59ACCC150EBDA5008DB903 /* CCLabelBMFont.h */,
				0E59ACCD150EBDA5008DB903 /* CCLabelBMFont.m */,
				0E59ACCF150EBDA5008DB903 /* CCLabelTTF.h */,
				0E59ACD0150EBDA5008DB903 /* CCLabelTTF.m */,
				0E59ACD2150EBDA5008DB903 /* CCLayer.h */,
				0E59ACD3150EBDA5008DB903 /* CCLayer.m */,
				0E59ACD5150EBDA5008DB903 /* ccMacros.h */,
				0E59ACD6150EBDA5008DB903 /* CCMenu.h */,
				0E59ACD7150EBDA5008DB903 /* CCMenu.m */,
				0E59ACD9150EBDA5008DB903 /* CCMenuItem.h */,
				0E59ACDA150EBDA5008DB903 /* CCMenuItem.m */,
				0E59ACDC150EBDA5008DB903 /* CCMotionStreak.h */,
				0E59ACDD150EBDA5008DB903 /* CCMotionStreak.m */,
				0E59ACDF150EBDA5008DB903 /* CCNode.h */,
				0E59ACE0150EBDA5008DB903 /* CCNode.m */,
				0E59ACE2150EBDA5008DB903 /* CCParallaxNode.h */,
				0E59ACE3150EBDA5008DB903 /* CCParallaxNode.m */,
				0E59ACE5150EBDA5008DB903 /* CCParticleExamples.h */,
				0E59ACE6150EBDA5008DB903 /* CCParticleExamples.m */,
				0E59ACE8150EBDA5008DB903 /* CCParticleSystem.h */,
				0E59ACE9150EBDA5008DB903 /* CCParticleSystem.m */,
				0E59ACEB150EBDA5008DB903 /* CCParticleSystemPoint.h */,
				0E59ACEC150EBDA5008DB903 /* CCParticleSystemPoint.m */,
				0E59ACEE150EBDA5008DB903 /* CCParticleSystemQuad.h */,
				0E59ACEF150EBDA5008DB903 /* CCParticleSystemQuad.m */,
				0E59ACF1150EBDA5008DB903 /* CCProgressTimer.h */,
				0E59ACF2150EBDA5008DB903 /* CCProgressTimer.m */,
				0E59ACF4150EBDA5008DB903 /* CCProtocols.h */,
				0E59ACF5150EBDA5008DB903 /* CCRenderTexture.h */,
				0E59ACF6150EBDA5008DB903 /* CCRenderTexture.m */,
				0E59ACF8150EBDA5008DB903 /* CCRibbon.h */,
				0E59ACF9150EBDA5008DB903 /* CCRibbon.m */,
				0E59ACFB150EBDA5008DB903 /* CCScene.h */,
				0E59ACFC150EBDA5008DB903 /* CCScene.m */,
				0E59ACFE150EBDA5008DB903 /* CCScheduler.h */,
				0E59ACFF150EBDA5008DB903 /* CCScheduler.m */,
				0E59AD01150EBDA5008DB903 /* CCSprite.h */,
				0E59AD02150EBDA5008DB903 /* CCSprite.m */,
				0E59AD04150EBDA5008DB903 /* CCSpriteBatchNode.h */,
				0E59AD05150EBDA5008DB903 /* CCSpriteBatchNode.m */,
				0E59AD07150EBDA5008DB903 /* CCSpriteFrame.h */,
				0E59AD08150EBDA5008DB903 /* CCSpriteFrame.m */,
				0E59AD0A150EBDA5008DB903 /* CCSpriteFrameCache.h */,
				0E59AD0B150EBDA5008DB903 /* CCSpriteFrameCache.m */,
				0E59AD0D150EBDA5008DB903 /* CCTexture2D.h */,
				0E59AD0E150EBDA5008DB903 /* CCTexture2D.m */,
				0E59AD10150EBDA5008DB903 /* CCTextureAtlas.h */,
				0E59AD11150EBDA5008DB903 /* CCTextureAtlas.m */,
				0E59AD13150EBDA5008DB903 /* CCTextureCache.h */,
				0E59AD14150EBDA5008DB903 /* CCTextureCache.m */,
				0E59AD16150EBDA5008DB903 /* CCTexturePVR.h */,
				0E59AD17150EBDA5008DB903 /* CCTexturePVR.m */,
				0E59AD19150EBDA5008DB903 /* CCTileMapAtlas.h */,
				0E59AD1A150EBDA5008DB903 /* CCTileMapAtlas.m */,
				0E59AD1C150EBDA5008DB903 /* CCTMXLayer.h */,
				0E59AD1D150EBDA5008DB903 /* CCTMXLayer.m */,
				0E59AD1F150EBDA5008DB903 /* CCTMXObjectGroup.h */,
				0E59AD20150EBDA5008DB903 /* CCTMXObjectGroup.m */,
				0E59AD22150EBDA5008DB903 /* CCTMXTiledMap.h */,
				0E59AD23150EBDA6008DB903 /* CCTMXTiledMap.m */,
				0E59AD25150EBDA6008DB903 /* CCTMXXMLParser.h */,
				0E59AD26150EBDA6008DB903 /* CCTMXXMLParser.m */,
				0E59AD28150EBDA6008DB903 /* CCTransition.h */,
				0E59AD29150EBDA6008DB903 /* CCTransition.m */,
				0E59AD2B150EBDA6008DB903 /* CCTransitionPageTurn.h */,
				0E59AD2C150EBDA6008DB903 /* CCTransitionPageTurn.m */,
				0E59AD2E150EBDA6008DB903 /* CCTransitionRadial.h */,
				0E59AD2F150EBDA6008DB903 /* CCTransitionRadial.m */,
				0E59AD31150EBDA6008DB903 /* ccTypes.h */,
				0E59AD32150EBDA6008DB903 /* cocos2d.h */,
				0E59AD33150EBDA6008DB903 /* cocos2d.m */,
				0E59AD35150EBDA6008DB903 /* Platforms */,
				0E59AD5A150EBDA6008DB903 /* Support */,
			);
			name = cocos2d;
			sourceTree = "<group>";
		};
		0E59AD35150EBDA6008DB903 /* Platforms */ = {
			isa = PBXGroup;
			children = (
				0E59AD36150EBDA6008DB903 /* CCGL.h */,
				0E59AD37150EBDA6008DB903 /* CCNS.h */,
				0E59AD38150EBDA6008DB903 /* iOS */,
				0E59AD4D150EBDA6008DB903 /* Mac */,
			);
			name = Platforms;
			sourceTree = "<group>";
		};
		0E59AD38150EBDA6008DB903 /* iOS */ = {
			isa = PBXGroup;
			children = (
				0E59AD39150EBDA6008DB903 /* CCDirectorIOS.h */,
				0E59AD3A150EBDA6008DB903 /* CCDirectorIOS.m */,
				0E59AD3C150EBDA6008DB903 /* CCTouchDelegateProtocol.h */,
				0E59AD3D150EBDA6008DB903 /* CCTouchDispatcher.h */,
				0E59AD3E150EBDA6008DB903 /* CCTouchDispatcher.m */,
				0E59AD40150EBDA6008DB903 /* CCTouchHandler.h */,
				0E59AD41150EBDA6008DB903 /* CCTouchHandler.m */,
				0E59AD43150EBDA6008DB903 /* EAGLView.h */,
				0E59AD44150EBDA6008DB903 /* EAGLView.m */,
				0E59AD46150EBDA6008DB903 /* ES1Renderer.h */,
				0E59AD47150EBDA6008DB903 /* ES1Renderer.m */,
				0E59AD49150EBDA6008DB903 /* ESRenderer.h */,
				0E59AD4A150EBDA6008DB903 /* glu.c */,
				0E59AD4C150EBDA6008DB903 /* glu.h */,
			);
			name = iOS;
			sourceTree = "<group>";
		};
		0E59AD4D150EBDA6008DB903 /* Mac */ = {
			isa = PBXGroup;
			children = (
				0E59AD4E150EBDA6008DB903 /* CCDirectorMac.h */,
				0E59AD4F150EBDA6008DB903 /* CCDirectorMac.m */,
				0E59AD51150EBDA6008DB903 /* CCEventDispatcher.h */,
				0E59AD52150EBDA6008DB903 /* CCEventDispatcher.m */,
				0E59AD54150EBDA6008DB903 /* MacGLView.h */,
				0E59AD55150EBDA6008DB903 /* MacGLView.m */,
				0E59AD57150EBDA6008DB903 /* MacWindow.h */,
				0E59AD58150EBDA6008DB903 /* MacWindow.m */,
			);
			name = Mac;
			sourceTree = "<group>";
		};
		0E59AD5A150EBDA6008DB903 /* Support */ = {
			isa = PBXGroup;
			children = (
				0E59AD5B150EBDA6008DB903 /* base64.c */,
				0E59AD5D150EBDA6008DB903 /* base64.h */,
				0E59AD5E150EBDA6008DB903 /* CCArray.h */,
				0E59AD5F150EBDA6008DB903 /* CCArray.m */,
				0E59AD61150EBDA6008DB903 /* ccCArray.h */,
				0E59AD62150EBDA6008DB903 /* CCFileUtils.h */,
				0E59AD63150EBDA6008DB903 /* CCFileUtils.m */,
				0E59AD65150EBDA6008DB903 /* CCProfiling.h */,
				0E59AD66150EBDA6008DB903 /* CCProfiling.m */,
				0E59AD68150EBDA6008DB903 /* ccUtils.c */,
				0E59AD6A150EBDA6008DB903 /* ccUtils.h */,
				0E59AD6B150EBDA6008DB903 /* CGPointExtension.h */,
				0E59AD6C150EBDA6008DB903 /* CGPointExtension.m */,
				0E59AD6E150EBDA6008DB903 /* OpenGL_Internal.h */,
				0E59AD6F150EBDA6008DB903 /* TGAlib.h */,
				0E59AD70150EBDA6008DB903 /* TGAlib.m */,
				0E59AD72150EBDA6008DB903 /* TransformUtils.h */,
				0E59AD73150EBDA6008DB903 /* TransformUtils.m */,
				0E59AD75150EBDA6008DB903 /* uthash.h */,
				0E59AD76150EBDA6008DB903 /* utlist.h */,
				0E59AD77150EBDA6008DB903 /* ZipUtils.h */,
				0E59AD78150EBDA6008DB903 /* ZipUtils.m */,
			);
			name = Support;
			sourceTree = "<group>";
		};
		0E59AD7B150EBDA6008DB903 /* CocosDenshion */ = {
			isa = PBXGroup;
			children = (
				0E59AD7C150EBDA6008DB903 /* CDAudioManager.h */,
				0E59AD7D150EBDA6008DB903 /* CDAudioManager.m */,
				0E59AD7F150EBDA6008DB903 /* CDConfig.h */,
				0E59AD80150EBDA6008DB903 /* CDOpenALSupport.h */,
				0E59AD81150EBDA6008DB903 /* CDOpenALSupport.m */,
				0E59AD83150EBDA6008DB903 /* CocosDenshion.h */,
				0E59AD84150EBDA6008DB903 /* CocosDenshion.m */,
				0E59AD86150EBDA6008DB903 /* SimpleAudioEngine.h */,
				0E59AD87150EBDA6008DB903 /* SimpleAudioEngine.m */,
			);
			name = CocosDenshion;
			sourceTree = "<group>";
		};
		0E59AD8A150EBDA6008DB903 /* cocoslive */ = {
			isa = PBXGroup;
			children = (
				0E59AD8B150EBDA6008DB903 /* CLScoreServerPost.h */,
				0E59AD8C150EBDA6008DB903 /* CLScoreServerPost.m */,
				0E59AD8E150EBDA6008DB903 /* CLScoreServerRequest.h */,
				0E59AD8F150EBDA6008DB903 /* CLScoreServerRequest.m */,
				0E59AD91150EBDA6008DB903 /* cocoslive.h */,
				0E59AD92150EBDA6008DB903 /* cocoslive.m */,
			);
			name = cocoslive;
			sourceTree = "<group>";
		};
		0E59AD95150EBDA6008DB903 /* TouchJSON */ = {
			isa = PBXGroup;
			children = (
				0E59AD96150EBDA6008DB903 /* CDataScanner.h */,
				0E59AD97150EBDA6008DB903 /* CDataScanner.m */,
				0E59AD99150EBDA6008DB903 /* Extensions */,
				0E59ADA0150EBDA6008DB903 /* JSON */,
			);
			name = TouchJSON;
			sourceTree = "<group>";
		};
		0E59AD99150EBDA6008DB903 /* Extensions */ = {
			isa = PBXGroup;
			children = (
				0E59AD9A150EBDA6008DB903 /* CDataScanner_Extensions.h */,
				0E59AD9B150EBDA6008DB903 /* CDataScanner_Extensions.m */,
				0E59AD9D150EBDA6008DB903 /* NSDictionary_JSONExtensions.h */,
				0E59AD9E150EBDA6008DB903 /* NSDictionary_JSONExtensions.m */,
			);
			name = Extensions;
			sourceTree = "<group>";
		};
		0E59ADA0150EBDA6008DB903 /* JSON */ = {
			isa = PBXGroup;
			children = (
				0E59ADA1150EBDA6008DB903 /* CJSONDeserializer.h */,
				0E59ADA2150EBDA6008DB903 /* CJSONDeserializer.m */,
				0E59ADA4150EBDA6008DB903 /* CJSONScanner.h */,
				0E59ADA5150EBDA6008DB903 /* CJSONScanner.m */,
				0E59ADA7150EBDA6008DB903 /* CJSONSerializer.h */,
				0E59ADA8150EBDA6008DB903 /* CJSONSerializer.m */,
				0E59ADAA150EBDA6008DB903 /* JSONRepresentation.h */,
			);
			name = JSON;
			sourceTree = "<group>";
		};
		0E59ADAB150EBDA6008DB903 /* FontLabel */ = {
			isa = PBXGroup;
			children = (
				0E59ADAC150EBDA6008DB903 /* FontLabel.h */,
				0E59ADAD150EBDA6008DB903 /* FontLabel.m */,
				0E59ADAF150EBDA6008DB903 /* FontLabelStringDrawing.h */,
				0E59ADB0150EBDA6008DB903 /* FontLabelStringDrawing.m */,
				0E59ADB2150EBDA6008DB903 /* FontManager.h */,
				0E59ADB3150EBDA6008DB903 /* FontManager.m */,
				0E59ADB5150EBDA6008DB903 /* ZAttributedString.h */,
				0E59ADB6150EBDA6008DB903 /* ZAttributedString.m */,
				0E59ADB8150EBDA6008DB903 /* ZAttributedStringPrivate.h */,
				0E59ADB9150EBDA6008DB903 /* ZFont.h */,
				0E59ADBA150EBDA6008DB903 /* ZFont.m */,
			);
			name = FontLabel;
			sourceTree = "<group>";
		};
		0E59ADBD150EBDA6008DB903 /* Supporting Files */ = {
			isa = PBXGroup;
			children = (
				0E59ADBE150EBDA6008DB903 /* Prefix.pch */,
				0E59ADBF150EBDA6008DB903 /* main.m */,
			);
			name = "Supporting Files";
			sourceTree = "<group>";
		};
		0E7801561544273000634322 /* FieldScene */ = {
			isa = PBXGroup;
			children = (
				0E882748164658BA00D2F5BD /* SRAreaLayer.h */,
				0E882749164658BA00D2F5BD /* SRAreaLayer.m */,
				0E88274A164658BA00D2F5BD /* SRFieldScene.h */,
				0E88274B164658BB00D2F5BD /* SRFieldScene.m */,
				0E88274C164658BC00D2F5BD /* SRMapLayer.h */,
				0E88274D164658BD00D2F5BD /* SRMapLayer.m */,
				0E88274E164658BE00D2F5BD /* SRUnitLayer.h */,
				0E88274F164658BF00D2F5BD /* SRUnitLayer.m */,
			);
			name = FieldScene;
			sourceTree = "<group>";
		};
		0E7801571544275000634322 /* models */ = {
			isa = PBXGroup;
			children = (
				0E88273F164658AB00D2F5BD /* SRArea.h */,
				0E882740164658AB00D2F5BD /* SRArea.m */,
				0E882741164658AB00D2F5BD /* SRRoute.h */,
				0E882742164658AB00D2F5BD /* SRRoute.m */,
				0E882743164658AB00D2F5BD /* SRUnit.h */,
				0E882744164658AC00D2F5BD /* SRUnit.m */,
				0E88273B164652C000D2F5BD /* SRMapChip.h */,
				0E88273C164652C000D2F5BD /* SRMapChip.m */,
			);
			name = models;
			sourceTree = "<group>";
		};
/* End PBXGroup section */

/* Begin PBXNativeTarget section */
		0E59AC5A150EBDA4008DB903 /* SRPG */ = {
			isa = PBXNativeTarget;
			buildConfigurationList = 0E59ADCD150EBDA7008DB903 /* Build configuration list for PBXNativeTarget "SRPG" */;
			buildPhases = (
				0E59AC57150EBDA4008DB903 /* Sources */,
				0E59AC58150EBDA4008DB903 /* Frameworks */,
				0E59AC59150EBDA4008DB903 /* Resources */,
			);
			buildRules = (
			);
			dependencies = (
			);
			name = SRPG;
			productName = SRPG;
			productReference = 0E59AC5B150EBDA4008DB903 /* SRPG.app */;
			productType = "com.apple.product-type.application";
		};
/* End PBXNativeTarget section */

/* Begin PBXProject section */
		0E59AC52150EBDA4008DB903 /* Project object */ = {
			isa = PBXProject;
			attributes = {
				LastUpgradeCheck = 0430;
			};
			buildConfigurationList = 0E59AC55150EBDA4008DB903 /* Build configuration list for PBXProject "SRPG" */;
			compatibilityVersion = "Xcode 3.2";
			developmentRegion = English;
			hasScannedForEncodings = 0;
			knownRegions = (
				en,
			);
			mainGroup = 0E59AC50150EBDA4008DB903;
			productRefGroup = 0E59AC5C150EBDA4008DB903 /* Products */;
			projectDirPath = "";
			projectRoot = "";
			targets = (
				0E59AC5A150EBDA4008DB903 /* SRPG */,
			);
		};
/* End PBXProject section */

/* Begin PBXResourcesBuildPhase section */
		0E59AC59150EBDA4008DB903 /* Resources */ = {
			isa = PBXResourcesBuildPhase;
			buildActionMask = 2147483647;
			files = (
				0E59AC72150EBDA4008DB903 /* Default.png in Resources */,
				0E59AC74150EBDA4008DB903 /* fps_images.png in Resources */,
				0E59AC76150EBDA4008DB903 /* Icon-72.png in Resources */,
				0E59AC78150EBDA4008DB903 /* Icon-Small-50.png in Resources */,
				0E59AC7A150EBDA4008DB903 /* Icon-Small.png in Resources */,
				0E59AC7C150EBDA4008DB903 /* Icon-Small@2x.png in Resources */,
				0E59AC7E150EBDA4008DB903 /* Icon.png in Resources */,
				0E59AC80150EBDA4008DB903 /* Icon@2x.png in Resources */,
				0E59AC83150EBDA4008DB903 /* iTunesArtwork in Resources */,
				0E59ADD61518A9C7008DB903 /* pc01_00-hd.png in Resources */,
				0E59ADD71518A9C7008DB903 /* pc01_00.png in Resources */,
				0E7801501544235700634322 /* areachip-hd.png in Resources */,
				0E7801511544235700634322 /* areachip.png in Resources */,
			);
			runOnlyForDeploymentPostprocessing = 0;
		};
/* End PBXResourcesBuildPhase section */

/* Begin PBXSourcesBuildPhase section */
		0E59AC57150EBDA4008DB903 /* Sources */ = {
			isa = PBXSourcesBuildPhase;
			buildActionMask = 2147483647;
			files = (
				0E59AC88150EBDA4008DB903 /* CCAction.m in Sources */,
				0E59AC8B150EBDA4008DB903 /* CCActionCamera.m in Sources */,
				0E59AC8E150EBDA4008DB903 /* CCActionEase.m in Sources */,
				0E59AC91150EBDA4008DB903 /* CCActionGrid.m in Sources */,
				0E59AC94150EBDA4008DB903 /* CCActionGrid3D.m in Sources */,
				0E59AC97150EBDA4008DB903 /* CCActionInstant.m in Sources */,
				0E59AC9A150EBDA5008DB903 /* CCActionInterval.m in Sources */,
				0E59AC9D150EBDA5008DB903 /* CCActionManager.m in Sources */,
				0E59ACA0150EBDA5008DB903 /* CCActionPageTurn3D.m in Sources */,
				0E59ACA3150EBDA5008DB903 /* CCActionProgressTimer.m in Sources */,
				0E59ACA6150EBDA5008DB903 /* CCActionTiledGrid.m in Sources */,
				0E59ACA9150EBDA5008DB903 /* CCActionTween.m in Sources */,
				0E59ACAC150EBDA5008DB903 /* CCAnimation.m in Sources */,
				0E59ACAF150EBDA5008DB903 /* CCAnimationCache.m in Sources */,
				0E59ACB2150EBDA5008DB903 /* CCAtlasNode.m in Sources */,
				0E59ACB5150EBDA5008DB903 /* CCBlockSupport.m in Sources */,
				0E59ACB8150EBDA5008DB903 /* CCCamera.m in Sources */,
				0E59ACBC150EBDA5008DB903 /* CCConfiguration.m in Sources */,
				0E59ACBF150EBDA5008DB903 /* CCDirector.m in Sources */,
				0E59ACC2150EBDA5008DB903 /* CCDrawingPrimitives.m in Sources */,
				0E59ACC5150EBDA5008DB903 /* CCGrabber.m in Sources */,
				0E59ACC8150EBDA5008DB903 /* CCGrid.m in Sources */,
				0E59ACCB150EBDA5008DB903 /* CCLabelAtlas.m in Sources */,
				0E59ACCE150EBDA5008DB903 /* CCLabelBMFont.m in Sources */,
				0E59ACD1150EBDA5008DB903 /* CCLabelTTF.m in Sources */,
				0E59ACD4150EBDA5008DB903 /* CCLayer.m in Sources */,
				0E59ACD8150EBDA5008DB903 /* CCMenu.m in Sources */,
				0E59ACDB150EBDA5008DB903 /* CCMenuItem.m in Sources */,
				0E59ACDE150EBDA5008DB903 /* CCMotionStreak.m in Sources */,
				0E59ACE1150EBDA5008DB903 /* CCNode.m in Sources */,
				0E59ACE4150EBDA5008DB903 /* CCParallaxNode.m in Sources */,
				0E59ACE7150EBDA5008DB903 /* CCParticleExamples.m in Sources */,
				0E59ACEA150EBDA5008DB903 /* CCParticleSystem.m in Sources */,
				0E59ACED150EBDA5008DB903 /* CCParticleSystemPoint.m in Sources */,
				0E59ACF0150EBDA5008DB903 /* CCParticleSystemQuad.m in Sources */,
				0E59ACF3150EBDA5008DB903 /* CCProgressTimer.m in Sources */,
				0E59ACF7150EBDA5008DB903 /* CCRenderTexture.m in Sources */,
				0E59ACFA150EBDA5008DB903 /* CCRibbon.m in Sources */,
				0E59ACFD150EBDA5008DB903 /* CCScene.m in Sources */,
				0E59AD00150EBDA5008DB903 /* CCScheduler.m in Sources */,
				0E59AD03150EBDA5008DB903 /* CCSprite.m in Sources */,
				0E59AD06150EBDA5008DB903 /* CCSpriteBatchNode.m in Sources */,
				0E59AD09150EBDA5008DB903 /* CCSpriteFrame.m in Sources */,
				0E59AD0C150EBDA5008DB903 /* CCSpriteFrameCache.m in Sources */,
				0E59AD0F150EBDA5008DB903 /* CCTexture2D.m in Sources */,
				0E59AD12150EBDA5008DB903 /* CCTextureAtlas.m in Sources */,
				0E59AD15150EBDA5008DB903 /* CCTextureCache.m in Sources */,
				0E59AD18150EBDA5008DB903 /* CCTexturePVR.m in Sources */,
				0E59AD1B150EBDA5008DB903 /* CCTileMapAtlas.m in Sources */,
				0E59AD1E150EBDA5008DB903 /* CCTMXLayer.m in Sources */,
				0E59AD21150EBDA5008DB903 /* CCTMXObjectGroup.m in Sources */,
				0E59AD24150EBDA6008DB903 /* CCTMXTiledMap.m in Sources */,
				0E59AD27150EBDA6008DB903 /* CCTMXXMLParser.m in Sources */,
				0E59AD2A150EBDA6008DB903 /* CCTransition.m in Sources */,
				0E59AD2D150EBDA6008DB903 /* CCTransitionPageTurn.m in Sources */,
				0E59AD30150EBDA6008DB903 /* CCTransitionRadial.m in Sources */,
				0E59AD34150EBDA6008DB903 /* cocos2d.m in Sources */,
				0E59AD3B150EBDA6008DB903 /* CCDirectorIOS.m in Sources */,
				0E59AD3F150EBDA6008DB903 /* CCTouchDispatcher.m in Sources */,
				0E59AD42150EBDA6008DB903 /* CCTouchHandler.m in Sources */,
				0E59AD45150EBDA6008DB903 /* EAGLView.m in Sources */,
				0E59AD48150EBDA6008DB903 /* ES1Renderer.m in Sources */,
				0E59AD4B150EBDA6008DB903 /* glu.c in Sources */,
				0E59AD50150EBDA6008DB903 /* CCDirectorMac.m in Sources */,
				0E59AD53150EBDA6008DB903 /* CCEventDispatcher.m in Sources */,
				0E59AD56150EBDA6008DB903 /* MacGLView.m in Sources */,
				0E59AD59150EBDA6008DB903 /* MacWindow.m in Sources */,
				0E59AD5C150EBDA6008DB903 /* base64.c in Sources */,
				0E59AD60150EBDA6008DB903 /* CCArray.m in Sources */,
				0E59AD64150EBDA6008DB903 /* CCFileUtils.m in Sources */,
				0E59AD67150EBDA6008DB903 /* CCProfiling.m in Sources */,
				0E59AD69150EBDA6008DB903 /* ccUtils.c in Sources */,
				0E59AD6D150EBDA6008DB903 /* CGPointExtension.m in Sources */,
				0E59AD71150EBDA6008DB903 /* TGAlib.m in Sources */,
				0E59AD74150EBDA6008DB903 /* TransformUtils.m in Sources */,
				0E59AD79150EBDA6008DB903 /* ZipUtils.m in Sources */,
				0E59AD7E150EBDA6008DB903 /* CDAudioManager.m in Sources */,
				0E59AD82150EBDA6008DB903 /* CDOpenALSupport.m in Sources */,
				0E59AD85150EBDA6008DB903 /* CocosDenshion.m in Sources */,
				0E59AD88150EBDA6008DB903 /* SimpleAudioEngine.m in Sources */,
				0E59AD8D150EBDA6008DB903 /* CLScoreServerPost.m in Sources */,
				0E59AD90150EBDA6008DB903 /* CLScoreServerRequest.m in Sources */,
				0E59AD93150EBDA6008DB903 /* cocoslive.m in Sources */,
				0E59AD98150EBDA6008DB903 /* CDataScanner.m in Sources */,
				0E59AD9C150EBDA6008DB903 /* CDataScanner_Extensions.m in Sources */,
				0E59AD9F150EBDA6008DB903 /* NSDictionary_JSONExtensions.m in Sources */,
				0E59ADA3150EBDA6008DB903 /* CJSONDeserializer.m in Sources */,
				0E59ADA6150EBDA6008DB903 /* CJSONScanner.m in Sources */,
				0E59ADA9150EBDA6008DB903 /* CJSONSerializer.m in Sources */,
				0E59ADAE150EBDA6008DB903 /* FontLabel.m in Sources */,
				0E59ADB1150EBDA6008DB903 /* FontLabelStringDrawing.m in Sources */,
				0E59ADB4150EBDA6008DB903 /* FontManager.m in Sources */,
				0E59ADB7150EBDA6008DB903 /* ZAttributedString.m in Sources */,
				0E59ADBB150EBDA6008DB903 /* ZFont.m in Sources */,
				0E59ADC0150EBDA6008DB903 /* main.m in Sources */,
				0E59ADC3150EBDA6008DB903 /* AppDelegate.m in Sources */,
				0E59ADC6150EBDA7008DB903 /* RootViewController.m in Sources */,
				0E88273D164652C000D2F5BD /* SRMapChip.m in Sources */,
				0E882745164658AC00D2F5BD /* SRArea.m in Sources */,
				0E882746164658AC00D2F5BD /* SRRoute.m in Sources */,
				0E882747164658AC00D2F5BD /* SRUnit.m in Sources */,
				0E882750164658C000D2F5BD /* SRAreaLayer.m in Sources */,
				0E882751164658C000D2F5BD /* SRFieldScene.m in Sources */,
				0E882752164658C000D2F5BD /* SRMapLayer.m in Sources */,
				0E882753164658C000D2F5BD /* SRUnitLayer.m in Sources */,
			);
			runOnlyForDeploymentPostprocessing = 0;
		};
/* End PBXSourcesBuildPhase section */

/* Begin XCBuildConfiguration section */
		0E59ADCB150EBDA7008DB903 /* Debug */ = {
			isa = XCBuildConfiguration;
			buildSettings = {
				ARCHS = "$(ARCHS_STANDARD_32_BIT)";
				"CODE_SIGN_IDENTITY[sdk=iphoneos*]" = "iPhone Developer";
				GCC_C_LANGUAGE_STANDARD = gnu99;
				GCC_OPTIMIZATION_LEVEL = 0;
				GCC_PREPROCESSOR_DEFINITIONS = (
					DEBUG,
					"COCOS2D_DEBUG=1",
				);
				GCC_SYMBOLS_PRIVATE_EXTERN = NO;
				GCC_VERSION = com.apple.compilers.llvmgcc42;
				GCC_WARN_ABOUT_RETURN_TYPE = YES;
				GCC_WARN_UNUSED_VARIABLE = YES;
				IPHONEOS_DEPLOYMENT_TARGET = 5.1;
				SDKROOT = iphoneos;
			};
			name = Debug;
		};
		0E59ADCC150EBDA7008DB903 /* Release */ = {
			isa = XCBuildConfiguration;
			buildSettings = {
				ARCHS = "$(ARCHS_STANDARD_32_BIT)";
				"CODE_SIGN_IDENTITY[sdk=iphoneos*]" = "iPhone Developer";
				GCC_C_LANGUAGE_STANDARD = gnu99;
				GCC_PREPROCESSOR_DEFINITIONS = NDEBUG;
				GCC_VERSION = com.apple.compilers.llvmgcc42;
				GCC_WARN_ABOUT_RETURN_TYPE = YES;
				GCC_WARN_UNUSED_VARIABLE = YES;
				IPHONEOS_DEPLOYMENT_TARGET = 5.1;
				OTHER_CFLAGS = "-DNS_BLOCK_ASSERTIONS=1";
				SDKROOT = iphoneos;
			};
			name = Release;
		};
		0E59ADCE150EBDA7008DB903 /* Debug */ = {
			isa = XCBuildConfiguration;
			buildSettings = {
				ALWAYS_SEARCH_USER_PATHS = NO;
				COPY_PHASE_STRIP = NO;
				GCC_DYNAMIC_NO_PIC = NO;
				GCC_PRECOMPILE_PREFIX_HEADER = YES;
				GCC_PREFIX_HEADER = SRPG/Prefix.pch;
				"GCC_THUMB_SUPPORT[arch=armv6]" = "";
				GCC_VERSION = com.apple.compilers.llvm.clang.1_0;
				INFOPLIST_FILE = SRPG/Resources/Info.plist;
				OTHER_LDFLAGS = "-lz";
				PRODUCT_NAME = "$(TARGET_NAME)";
				WRAPPER_EXTENSION = app;
			};
			name = Debug;
		};
		0E59ADCF150EBDA7008DB903 /* Release */ = {
			isa = XCBuildConfiguration;
			buildSettings = {
				ALWAYS_SEARCH_USER_PATHS = NO;
				COPY_PHASE_STRIP = YES;
				GCC_PRECOMPILE_PREFIX_HEADER = YES;
				GCC_PREFIX_HEADER = SRPG/Prefix.pch;
				"GCC_THUMB_SUPPORT[arch=armv6]" = "";
				GCC_VERSION = com.apple.compilers.llvm.clang.1_0;
				INFOPLIST_FILE = SRPG/Resources/Info.plist;
				OTHER_LDFLAGS = "-lz";
				PRODUCT_NAME = "$(TARGET_NAME)";
				VALIDATE_PRODUCT = YES;
				WRAPPER_EXTENSION = app;
			};
			name = Release;
		};
/* End XCBuildConfiguration section */

/* Begin XCConfigurationList section */
		0E59AC55150EBDA4008DB903 /* Build configuration list for PBXProject "SRPG" */ = {
			isa = XCConfigurationList;
			buildConfigurations = (
				0E59ADCB150EBDA7008DB903 /* Debug */,
				0E59ADCC150EBDA7008DB903 /* Release */,
			);
			defaultConfigurationIsVisible = 0;
			defaultConfigurationName = Release;
		};
		0E59ADCD150EBDA7008DB903 /* Build configuration list for PBXNativeTarget "SRPG" */ = {
			isa = XCConfigurationList;
			buildConfigurations = (
				0E59ADCE150EBDA7008DB903 /* Debug */,
				0E59ADCF150EBDA7008DB903 /* Release */,
			);
			defaultConfigurationIsVisible = 0;
			defaultConfigurationName = Release;
		};
/* End XCConfigurationList section */
	};
	rootObject = 0E59AC52150EBDA4008DB903 /* Project object */;
}
